// !$*UTF8*$!
{
	archiveVersion = 1;
	classes = {
	};
	objectVersion = 56;
	objects = {

/* Begin PBXBuildFile section */
		510997362CD9EAA8004B09A0 /* CoreDataManager.swift in Sources */ = {isa = PBXBuildFile; fileRef = 510997352CD9EAA8004B09A0 /* CoreDataManager.swift */; };
		5114B1A52CB8F774005655A9 /* bookreaderApp.swift in Sources */ = {isa = PBXBuildFile; fileRef = 5114B1A42CB8F774005655A9 /* bookreaderApp.swift */; };
		5114B1A72CB8F774005655A9 /* ContentView.swift in Sources */ = {isa = PBXBuildFile; fileRef = 5114B1A62CB8F774005655A9 /* ContentView.swift */; };
		5114B1A92CB8F776005655A9 /* Assets.xcassets in Resources */ = {isa = PBXBuildFile; fileRef = 5114B1A82CB8F776005655A9 /* Assets.xcassets */; };
		5114B1AC2CB8F776005655A9 /* Preview Assets.xcassets in Resources */ = {isa = PBXBuildFile; fileRef = 5114B1AB2CB8F776005655A9 /* Preview Assets.xcassets */; };
		5114B1AE2CB8F776005655A9 /* Persistence.swift in Sources */ = {isa = PBXBuildFile; fileRef = 5114B1AD2CB8F776005655A9 /* Persistence.swift */; };
		5114B1B12CB8F776005655A9 /* bookreader.xcdatamodeld in Sources */ = {isa = PBXBuildFile; fileRef = 5114B1AF2CB8F776005655A9 /* bookreader.xcdatamodeld */; };
		5114B1B92CB8FA7C005655A9 /* FirebaseAnalytics in Frameworks */ = {isa = PBXBuildFile; productRef = 5114B1B82CB8FA7C005655A9 /* FirebaseAnalytics */; };
		5114B1BB2CB8FA7C005655A9 /* FirebaseCore in Frameworks */ = {isa = PBXBuildFile; productRef = 5114B1BA2CB8FA7C005655A9 /* FirebaseCore */; };
		5114B1BD2CB8FA7C005655A9 /* FirebaseDatabase in Frameworks */ = {isa = PBXBuildFile; productRef = 5114B1BC2CB8FA7C005655A9 /* FirebaseDatabase */; };
		5114B1BF2CB8FA7C005655A9 /* FirebaseRemoteConfig in Frameworks */ = {isa = PBXBuildFile; productRef = 5114B1BE2CB8FA7C005655A9 /* FirebaseRemoteConfig */; };
		5114B1C12CB8FA7C005655A9 /* FirebaseStorage in Frameworks */ = {isa = PBXBuildFile; productRef = 5114B1C02CB8FA7C005655A9 /* FirebaseStorage */; };
		51221F792CBF7E4200D1D1CA /* BookDetailsView.swift in Sources */ = {isa = PBXBuildFile; fileRef = 51221F782CBF7E4200D1D1CA /* BookDetailsView.swift */; };
		51359E9D2CEB3298007AAB19 /* RentalOptions.swift in Sources */ = {isa = PBXBuildFile; fileRef = 51359E9C2CEB3298007AAB19 /* RentalOptions.swift */; };
		513B74BA2CBD97D90054D978 /* BookStoreViewModel.swift in Sources */ = {isa = PBXBuildFile; fileRef = 513B74B92CBD97D90054D978 /* BookStoreViewModel.swift */; };
		513B74BC2CBD982B0054D978 /* Book.swift in Sources */ = {isa = PBXBuildFile; fileRef = 513B74BB2CBD982A0054D978 /* Book.swift */; };
		516A0CAE2CBBAEFE0026954E /* User.swift in Sources */ = {isa = PBXBuildFile; fileRef = 516A0CAD2CBBAEFE0026954E /* User.swift */; };
		516A0CB12CBBB82B0026954E /* StorageManager.swift in Sources */ = {isa = PBXBuildFile; fileRef = 516A0CB02CBBB82B0026954E /* StorageManager.swift */; };
		516A0CB32CBBB83F0026954E /* NameSpaces.swift in Sources */ = {isa = PBXBuildFile; fileRef = 516A0CB22CBBB83F0026954E /* NameSpaces.swift */; };
		516A0CB52CBBE1E50026954E /* Error.swift in Sources */ = {isa = PBXBuildFile; fileRef = 516A0CB42CBBE1E50026954E /* Error.swift */; };
		516A0CB82CBBEE300026954E /* UserDefaultManager.swift in Sources */ = {isa = PBXBuildFile; fileRef = 516A0CB72CBBEE300026954E /* UserDefaultManager.swift */; };
		516BD1E62CBA453C0009CA9C /* NavigationView.swift in Sources */ = {isa = PBXBuildFile; fileRef = 516BD1E52CBA453C0009CA9C /* NavigationView.swift */; };
		516BD1EA2CBA47680009CA9C /* BookStoreView.swift in Sources */ = {isa = PBXBuildFile; fileRef = 516BD1E92CBA47680009CA9C /* BookStoreView.swift */; };
		516BD1EE2CBA487A0009CA9C /* LibraryView.swift in Sources */ = {isa = PBXBuildFile; fileRef = 516BD1ED2CBA487A0009CA9C /* LibraryView.swift */; };
		516BD1F12CBA49CA0009CA9C /* SettingsView.swift in Sources */ = {isa = PBXBuildFile; fileRef = 516BD1F02CBA49CA0009CA9C /* SettingsView.swift */; };
		516BD1F52CBA4D260009CA9C /* Extensions.swift in Sources */ = {isa = PBXBuildFile; fileRef = 516BD1F42CBA4D260009CA9C /* Extensions.swift */; };
		516BD1F72CBA66CB0009CA9C /* ProfilePictureView.swift in Sources */ = {isa = PBXBuildFile; fileRef = 516BD1F62CBA66CB0009CA9C /* ProfilePictureView.swift */; };
		516BD1F92CBA7BC50009CA9C /* BookCollectionView.swift in Sources */ = {isa = PBXBuildFile; fileRef = 516BD1F82CBA7BC50009CA9C /* BookCollectionView.swift */; };
		516BD1FB2CBA7EF50009CA9C /* BookThumbnailView.swift in Sources */ = {isa = PBXBuildFile; fileRef = 516BD1FA2CBA7EF50009CA9C /* BookThumbnailView.swift */; };
		516BD1FD2CBA981B0009CA9C /* AppDelegate.swift in Sources */ = {isa = PBXBuildFile; fileRef = 516BD1FC2CBA981B0009CA9C /* AppDelegate.swift */; };
		516BD2012CBA9A850009CA9C /* FIRDatabaseManager.swift in Sources */ = {isa = PBXBuildFile; fileRef = 516BD2002CBA9A850009CA9C /* FIRDatabaseManager.swift */; };
		516BD2042CBAC4E30009CA9C /* GoogleSignIn in Frameworks */ = {isa = PBXBuildFile; productRef = 516BD2032CBAC4E30009CA9C /* GoogleSignIn */; };
		516BD2062CBAC4E30009CA9C /* GoogleSignInSwift in Frameworks */ = {isa = PBXBuildFile; productRef = 516BD2052CBAC4E30009CA9C /* GoogleSignInSwift */; };
		516BD20A2CBACB9D0009CA9C /* FeaturedBookView.swift in Sources */ = {isa = PBXBuildFile; fileRef = 516BD2092CBACB9D0009CA9C /* FeaturedBookView.swift */; };
		516BD20E2CBADA060009CA9C /* AuthenticationViewModel.swift in Sources */ = {isa = PBXBuildFile; fileRef = 516BD20D2CBADA060009CA9C /* AuthenticationViewModel.swift */; };
		516BD2102CBADB350009CA9C /* FirebaseAuth in Frameworks */ = {isa = PBXBuildFile; productRef = 516BD20F2CBADB350009CA9C /* FirebaseAuth */; };
		51795C302CDD465D00F19833 /* FIRStorageManager.swift in Sources */ = {isa = PBXBuildFile; fileRef = 51795C2F2CDD465D00F19833 /* FIRStorageManager.swift */; };
		51795C342CDD508800F19833 /* GoogleService-Info.plist in Resources */ = {isa = PBXBuildFile; fileRef = 51795C332CDD508800F19833 /* GoogleService-Info.plist */; };
		51795C382CDD529900F19833 /* DocumentPDFView.swift in Sources */ = {isa = PBXBuildFile; fileRef = 51795C372CDD529900F19833 /* DocumentPDFView.swift */; };
		51795C3C2CDD5E3900F19833 /* thecelestialshit.pdf in Resources */ = {isa = PBXBuildFile; fileRef = 51795C3B2CDD5E3900F19833 /* thecelestialshit.pdf */; };
		51795C3F2CDD5F6200F19833 /* DocumentViewModel.swift in Sources */ = {isa = PBXBuildFile; fileRef = 51795C3E2CDD5F6200F19833 /* DocumentViewModel.swift */; };
		51795C432CDD650800F19833 /* DocumentView.swift in Sources */ = {isa = PBXBuildFile; fileRef = 51795C422CDD650800F19833 /* DocumentView.swift */; };
		517A6A602CBF0C5B002938B2 /* bookreaderinapp.storekit in Resources */ = {isa = PBXBuildFile; fileRef = 517A6A5F2CBF0C5B002938B2 /* bookreaderinapp.storekit */; };
		51822B012CDDE3F300760CEF /* -O9-mNJolBCjdEXdTQWI.pdf in Resources */ = {isa = PBXBuildFile; fileRef = 51822B002CDDE3F300760CEF /* -O9-mNJolBCjdEXdTQWI.pdf */; };
		5186E5122CDB292D00A1A221 /* BookProgressView.swift in Sources */ = {isa = PBXBuildFile; fileRef = 5186E5112CDB292D00A1A221 /* BookProgressView.swift */; };
		5186E5142CDB329800A1A221 /* LibraryBookItemView.swift in Sources */ = {isa = PBXBuildFile; fileRef = 5186E5132CDB329800A1A221 /* LibraryBookItemView.swift */; };
		5186E5162CDB443F00A1A221 /* TestProgressView.swift in Sources */ = {isa = PBXBuildFile; fileRef = 5186E5152CDB443F00A1A221 /* TestProgressView.swift */; };
		5186E51A2CDB527400A1A221 /* LibraryViewModel.swift in Sources */ = {isa = PBXBuildFile; fileRef = 5186E5192CDB527400A1A221 /* LibraryViewModel.swift */; };
		5191846D2CDBEE2A00BFFC29 /* FirebaseFirestore in Frameworks */ = {isa = PBXBuildFile; productRef = 5191846C2CDBEE2A00BFFC29 /* FirebaseFirestore */; };
		5191846F2CDC622C00BFFC29 /* CacheBook.swift in Sources */ = {isa = PBXBuildFile; fileRef = 5191846E2CDC622C00BFFC29 /* CacheBook.swift */; };
		519367FE2CC15E6200CA505F /* BookDetailsViewModel.swift in Sources */ = {isa = PBXBuildFile; fileRef = 519367FD2CC15E6200CA505F /* BookDetailsViewModel.swift */; };
		519603792CDA9EB000E63991 /* LibraryCurrentBookView.swift in Sources */ = {isa = PBXBuildFile; fileRef = 519603782CDA9EB000E63991 /* LibraryCurrentBookView.swift */; };
		51AE107F2CC3F2300006A903 /* InAppManager.swift in Sources */ = {isa = PBXBuildFile; fileRef = 51AE107E2CC3F2300006A903 /* InAppManager.swift */; };
		51C0CD312CE3444100B642C0 /* ConnectivityManager.swift in Sources */ = {isa = PBXBuildFile; fileRef = 51C0CD302CE3444100B642C0 /* ConnectivityManager.swift */; };
		51C0CD332CE362A000B642C0 /* NetworkState.swift in Sources */ = {isa = PBXBuildFile; fileRef = 51C0CD322CE362A000B642C0 /* NetworkState.swift */; };
		51E219E42CC1864300CED9A5 /* BookDetails.swift in Sources */ = {isa = PBXBuildFile; fileRef = 51E219E32CC1864300CED9A5 /* BookDetails.swift */; };
		51ED079C2CC905E600D8014F /* SessionViewModel.swift in Sources */ = {isa = PBXBuildFile; fileRef = 51ED079B2CC905E600D8014F /* SessionViewModel.swift */; };
		51F90FDA2CE46B910071C35A /* Utils.swift in Sources */ = {isa = PBXBuildFile; fileRef = 51F90FD92CE46B910071C35A /* Utils.swift */; };
/* End PBXBuildFile section */

/* Begin PBXFileReference section */
		510997352CD9EAA8004B09A0 /* CoreDataManager.swift */ = {isa = PBXFileReference; lastKnownFileType = sourcecode.swift; path = CoreDataManager.swift; sourceTree = "<group>"; };
		5114B1A12CB8F774005655A9 /* bookreader.app */ = {isa = PBXFileReference; explicitFileType = wrapper.application; includeInIndex = 0; path = bookreader.app; sourceTree = BUILT_PRODUCTS_DIR; };
		5114B1A42CB8F774005655A9 /* bookreaderApp.swift */ = {isa = PBXFileReference; lastKnownFileType = sourcecode.swift; path = bookreaderApp.swift; sourceTree = "<group>"; };
		5114B1A62CB8F774005655A9 /* ContentView.swift */ = {isa = PBXFileReference; lastKnownFileType = sourcecode.swift; path = ContentView.swift; sourceTree = "<group>"; };
		5114B1A82CB8F776005655A9 /* Assets.xcassets */ = {isa = PBXFileReference; lastKnownFileType = folder.assetcatalog; path = Assets.xcassets; sourceTree = "<group>"; };
		5114B1AB2CB8F776005655A9 /* Preview Assets.xcassets */ = {isa = PBXFileReference; lastKnownFileType = folder.assetcatalog; path = "Preview Assets.xcassets"; sourceTree = "<group>"; };
		5114B1AD2CB8F776005655A9 /* Persistence.swift */ = {isa = PBXFileReference; lastKnownFileType = sourcecode.swift; path = Persistence.swift; sourceTree = "<group>"; };
		5114B1B02CB8F776005655A9 /* bookreader.xcdatamodel */ = {isa = PBXFileReference; lastKnownFileType = wrapper.xcdatamodel; path = bookreader.xcdatamodel; sourceTree = "<group>"; };
		51221F782CBF7E4200D1D1CA /* BookDetailsView.swift */ = {isa = PBXFileReference; lastKnownFileType = sourcecode.swift; path = BookDetailsView.swift; sourceTree = "<group>"; };
		51359E9C2CEB3298007AAB19 /* RentalOptions.swift */ = {isa = PBXFileReference; lastKnownFileType = sourcecode.swift; path = RentalOptions.swift; sourceTree = "<group>"; };
		513B74B92CBD97D90054D978 /* BookStoreViewModel.swift */ = {isa = PBXFileReference; lastKnownFileType = sourcecode.swift; path = BookStoreViewModel.swift; sourceTree = "<group>"; };
		513B74BB2CBD982A0054D978 /* Book.swift */ = {isa = PBXFileReference; lastKnownFileType = sourcecode.swift; path = Book.swift; sourceTree = "<group>"; };
		516A0CAD2CBBAEFE0026954E /* User.swift */ = {isa = PBXFileReference; lastKnownFileType = sourcecode.swift; path = User.swift; sourceTree = "<group>"; };
		516A0CB02CBBB82B0026954E /* StorageManager.swift */ = {isa = PBXFileReference; lastKnownFileType = sourcecode.swift; path = StorageManager.swift; sourceTree = "<group>"; };
		516A0CB22CBBB83F0026954E /* NameSpaces.swift */ = {isa = PBXFileReference; lastKnownFileType = sourcecode.swift; path = NameSpaces.swift; sourceTree = "<group>"; };
		516A0CB42CBBE1E50026954E /* Error.swift */ = {isa = PBXFileReference; lastKnownFileType = sourcecode.swift; path = Error.swift; sourceTree = "<group>"; };
		516A0CB72CBBEE300026954E /* UserDefaultManager.swift */ = {isa = PBXFileReference; lastKnownFileType = sourcecode.swift; path = UserDefaultManager.swift; sourceTree = "<group>"; };
		516BD1E52CBA453C0009CA9C /* NavigationView.swift */ = {isa = PBXFileReference; lastKnownFileType = sourcecode.swift; path = NavigationView.swift; sourceTree = "<group>"; };
		516BD1E92CBA47680009CA9C /* BookStoreView.swift */ = {isa = PBXFileReference; lastKnownFileType = sourcecode.swift; path = BookStoreView.swift; sourceTree = "<group>"; };
		516BD1ED2CBA487A0009CA9C /* LibraryView.swift */ = {isa = PBXFileReference; lastKnownFileType = sourcecode.swift; path = LibraryView.swift; sourceTree = "<group>"; };
		516BD1F02CBA49CA0009CA9C /* SettingsView.swift */ = {isa = PBXFileReference; lastKnownFileType = sourcecode.swift; path = SettingsView.swift; sourceTree = "<group>"; };
		516BD1F42CBA4D260009CA9C /* Extensions.swift */ = {isa = PBXFileReference; lastKnownFileType = sourcecode.swift; path = Extensions.swift; sourceTree = "<group>"; };
		516BD1F62CBA66CB0009CA9C /* ProfilePictureView.swift */ = {isa = PBXFileReference; lastKnownFileType = sourcecode.swift; path = ProfilePictureView.swift; sourceTree = "<group>"; };
		516BD1F82CBA7BC50009CA9C /* BookCollectionView.swift */ = {isa = PBXFileReference; lastKnownFileType = sourcecode.swift; path = BookCollectionView.swift; sourceTree = "<group>"; };
		516BD1FA2CBA7EF50009CA9C /* BookThumbnailView.swift */ = {isa = PBXFileReference; lastKnownFileType = sourcecode.swift; path = BookThumbnailView.swift; sourceTree = "<group>"; };
		516BD1FC2CBA981B0009CA9C /* AppDelegate.swift */ = {isa = PBXFileReference; lastKnownFileType = sourcecode.swift; path = AppDelegate.swift; sourceTree = "<group>"; };
		516BD2002CBA9A850009CA9C /* FIRDatabaseManager.swift */ = {isa = PBXFileReference; lastKnownFileType = sourcecode.swift; path = FIRDatabaseManager.swift; sourceTree = "<group>"; };
		516BD2092CBACB9D0009CA9C /* FeaturedBookView.swift */ = {isa = PBXFileReference; lastKnownFileType = sourcecode.swift; path = FeaturedBookView.swift; sourceTree = "<group>"; };
		516BD20B2CBAD9A70009CA9C /* Info.plist */ = {isa = PBXFileReference; lastKnownFileType = text.plist; path = Info.plist; sourceTree = "<group>"; };
		516BD20D2CBADA060009CA9C /* AuthenticationViewModel.swift */ = {isa = PBXFileReference; lastKnownFileType = sourcecode.swift; path = AuthenticationViewModel.swift; sourceTree = "<group>"; };
		51795C2F2CDD465D00F19833 /* FIRStorageManager.swift */ = {isa = PBXFileReference; lastKnownFileType = sourcecode.swift; path = FIRStorageManager.swift; sourceTree = "<group>"; };
		51795C332CDD508800F19833 /* GoogleService-Info.plist */ = {isa = PBXFileReference; fileEncoding = 4; lastKnownFileType = text.plist.xml; path = "GoogleService-Info.plist"; sourceTree = "<group>"; };
		51795C372CDD529900F19833 /* DocumentPDFView.swift */ = {isa = PBXFileReference; lastKnownFileType = sourcecode.swift; path = DocumentPDFView.swift; sourceTree = "<group>"; };
		51795C3B2CDD5E3900F19833 /* thecelestialshit.pdf */ = {isa = PBXFileReference; lastKnownFileType = image.pdf; path = thecelestialshit.pdf; sourceTree = "<group>"; };
		51795C3E2CDD5F6200F19833 /* DocumentViewModel.swift */ = {isa = PBXFileReference; lastKnownFileType = sourcecode.swift; path = DocumentViewModel.swift; sourceTree = "<group>"; };
		51795C422CDD650800F19833 /* DocumentView.swift */ = {isa = PBXFileReference; lastKnownFileType = sourcecode.swift; path = DocumentView.swift; sourceTree = "<group>"; };
		517A6A5F2CBF0C5B002938B2 /* bookreaderinapp.storekit */ = {isa = PBXFileReference; lastKnownFileType = text; path = bookreaderinapp.storekit; sourceTree = "<group>"; };
		51822B002CDDE3F300760CEF /* -O9-mNJolBCjdEXdTQWI.pdf */ = {isa = PBXFileReference; lastKnownFileType = image.pdf; path = "-O9-mNJolBCjdEXdTQWI.pdf"; sourceTree = "<group>"; };
		5186E5112CDB292D00A1A221 /* BookProgressView.swift */ = {isa = PBXFileReference; lastKnownFileType = sourcecode.swift; path = BookProgressView.swift; sourceTree = "<group>"; };
		5186E5132CDB329800A1A221 /* LibraryBookItemView.swift */ = {isa = PBXFileReference; lastKnownFileType = sourcecode.swift; path = LibraryBookItemView.swift; sourceTree = "<group>"; };
		5186E5152CDB443F00A1A221 /* TestProgressView.swift */ = {isa = PBXFileReference; lastKnownFileType = sourcecode.swift; path = TestProgressView.swift; sourceTree = "<group>"; };
		5186E5192CDB527400A1A221 /* LibraryViewModel.swift */ = {isa = PBXFileReference; lastKnownFileType = sourcecode.swift; path = LibraryViewModel.swift; sourceTree = "<group>"; };
		5191846E2CDC622C00BFFC29 /* CacheBook.swift */ = {isa = PBXFileReference; lastKnownFileType = sourcecode.swift; path = CacheBook.swift; sourceTree = "<group>"; };
		519367FD2CC15E6200CA505F /* BookDetailsViewModel.swift */ = {isa = PBXFileReference; lastKnownFileType = sourcecode.swift; path = BookDetailsViewModel.swift; sourceTree = "<group>"; };
		519603782CDA9EB000E63991 /* LibraryCurrentBookView.swift */ = {isa = PBXFileReference; lastKnownFileType = sourcecode.swift; path = LibraryCurrentBookView.swift; sourceTree = "<group>"; };
		51AE107E2CC3F2300006A903 /* InAppManager.swift */ = {isa = PBXFileReference; lastKnownFileType = sourcecode.swift; path = InAppManager.swift; sourceTree = "<group>"; };
		51C0CD302CE3444100B642C0 /* ConnectivityManager.swift */ = {isa = PBXFileReference; lastKnownFileType = sourcecode.swift; path = ConnectivityManager.swift; sourceTree = "<group>"; };
		51C0CD322CE362A000B642C0 /* NetworkState.swift */ = {isa = PBXFileReference; lastKnownFileType = sourcecode.swift; path = NetworkState.swift; sourceTree = "<group>"; };
		51E219E32CC1864300CED9A5 /* BookDetails.swift */ = {isa = PBXFileReference; lastKnownFileType = sourcecode.swift; path = BookDetails.swift; sourceTree = "<group>"; };
		51ED079B2CC905E600D8014F /* SessionViewModel.swift */ = {isa = PBXFileReference; lastKnownFileType = sourcecode.swift; path = SessionViewModel.swift; sourceTree = "<group>"; };
		51F90FD92CE46B910071C35A /* Utils.swift */ = {isa = PBXFileReference; lastKnownFileType = sourcecode.swift; path = Utils.swift; sourceTree = "<group>"; };
/* End PBXFileReference section */

/* Begin PBXFrameworksBuildPhase section */
		5114B19E2CB8F774005655A9 /* Frameworks */ = {
			isa = PBXFrameworksBuildPhase;
			buildActionMask = 2147483647;
			files = (
				5114B1BD2CB8FA7C005655A9 /* FirebaseDatabase in Frameworks */,
				5114B1BB2CB8FA7C005655A9 /* FirebaseCore in Frameworks */,
				516BD2062CBAC4E30009CA9C /* GoogleSignInSwift in Frameworks */,
				5114B1B92CB8FA7C005655A9 /* FirebaseAnalytics in Frameworks */,
				5114B1C12CB8FA7C005655A9 /* FirebaseStorage in Frameworks */,
				5191846D2CDBEE2A00BFFC29 /* FirebaseFirestore in Frameworks */,
				5114B1BF2CB8FA7C005655A9 /* FirebaseRemoteConfig in Frameworks */,
				516BD2042CBAC4E30009CA9C /* GoogleSignIn in Frameworks */,
				516BD2102CBADB350009CA9C /* FirebaseAuth in Frameworks */,
			);
			runOnlyForDeploymentPostprocessing = 0;
		};
/* End PBXFrameworksBuildPhase section */

/* Begin PBXGroup section */
		5114B1982CB8F774005655A9 = {
			isa = PBXGroup;
			children = (
				5114B1A32CB8F774005655A9 /* bookreader */,
				5114B1A22CB8F774005655A9 /* Products */,
			);
			sourceTree = "<group>";
		};
		5114B1A22CB8F774005655A9 /* Products */ = {
			isa = PBXGroup;
			children = (
				5114B1A12CB8F774005655A9 /* bookreader.app */,
			);
			name = Products;
			sourceTree = "<group>";
		};
		5114B1A32CB8F774005655A9 /* bookreader */ = {
			isa = PBXGroup;
			children = (
				51795C352CDD528300F19833 /* Document */,
				51ED07992CC905B300D8014F /* Session */,
				51221F742CBF7DFF00D1D1CA /* BookDetails */,
				517A6A5D2CBF0C08002938B2 /* InAppStore */,
				516A0CAF2CBBB80F0026954E /* LocalPersistence */,
				516BD20C2CBAD9E80009CA9C /* Authentication */,
				516BD1FE2CBA9A6C0009CA9C /* Firebase */,
				516BD1F32CBA4D190009CA9C /* Utils */,
				516BD1EF2CBA49B80009CA9C /* Settings */,
				516BD1EB2CBA48670009CA9C /* Library */,
				516BD1E72CBA47480009CA9C /* BookStore */,
				516BD1E22CBA44FF0009CA9C /* Navigation */,
				5114B1A42CB8F774005655A9 /* bookreaderApp.swift */,
				5114B1A62CB8F774005655A9 /* ContentView.swift */,
				51795C332CDD508800F19833 /* GoogleService-Info.plist */,
				516BD20B2CBAD9A70009CA9C /* Info.plist */,
				5114B1A82CB8F776005655A9 /* Assets.xcassets */,
				5114B1AD2CB8F776005655A9 /* Persistence.swift */,
				5114B1AF2CB8F776005655A9 /* bookreader.xcdatamodeld */,
				5114B1AA2CB8F776005655A9 /* Preview Content */,
				516BD1FC2CBA981B0009CA9C /* AppDelegate.swift */,
				516A0CB22CBBB83F0026954E /* NameSpaces.swift */,
			);
			path = bookreader;
			sourceTree = "<group>";
		};
		5114B1AA2CB8F776005655A9 /* Preview Content */ = {
			isa = PBXGroup;
			children = (
				5114B1AB2CB8F776005655A9 /* Preview Assets.xcassets */,
			);
			path = "Preview Content";
			sourceTree = "<group>";
		};
		51221F742CBF7DFF00D1D1CA /* BookDetails */ = {
			isa = PBXGroup;
			children = (
				51221F772CBF7E2400D1D1CA /* ViewModel */,
				51221F762CBF7E1F00D1D1CA /* View */,
				51221F752CBF7E1500D1D1CA /* Model */,
			);
			path = BookDetails;
			sourceTree = "<group>";
		};
		51221F752CBF7E1500D1D1CA /* Model */ = {
			isa = PBXGroup;
			children = (
				51E219E32CC1864300CED9A5 /* BookDetails.swift */,
			);
			path = Model;
			sourceTree = "<group>";
		};
		51221F762CBF7E1F00D1D1CA /* View */ = {
			isa = PBXGroup;
			children = (
				51221F782CBF7E4200D1D1CA /* BookDetailsView.swift */,
			);
			path = View;
			sourceTree = "<group>";
		};
		51221F772CBF7E2400D1D1CA /* ViewModel */ = {
			isa = PBXGroup;
			children = (
				519367FD2CC15E6200CA505F /* BookDetailsViewModel.swift */,
			);
			path = ViewModel;
			sourceTree = "<group>";
		};
		513B74B52CBD94F80054D978 /* ViewModel */ = {
			isa = PBXGroup;
			children = (
				513B74B92CBD97D90054D978 /* BookStoreViewModel.swift */,
			);
			path = ViewModel;
			sourceTree = "<group>";
		};
		513B74B62CBD95100054D978 /* Model */ = {
			isa = PBXGroup;
			children = (
				513B74BB2CBD982A0054D978 /* Book.swift */,
				5191846E2CDC622C00BFFC29 /* CacheBook.swift */,
			);
			path = Model;
			sourceTree = "<group>";
		};
		516A0CAA2CBBAEC50026954E /* View */ = {
			isa = PBXGroup;
			children = (
			);
			path = View;
			sourceTree = "<group>";
		};
		516A0CAB2CBBAECB0026954E /* ViewModel */ = {
			isa = PBXGroup;
			children = (
				516BD20D2CBADA060009CA9C /* AuthenticationViewModel.swift */,
			);
			path = ViewModel;
			sourceTree = "<group>";
		};
		516A0CAC2CBBAED40026954E /* Model */ = {
			isa = PBXGroup;
			children = (
				516A0CAD2CBBAEFE0026954E /* User.swift */,
			);
			path = Model;
			sourceTree = "<group>";
		};
		516A0CAF2CBBB80F0026954E /* LocalPersistence */ = {
			isa = PBXGroup;
			children = (
				516A0CB72CBBEE300026954E /* UserDefaultManager.swift */,
				516A0CB02CBBB82B0026954E /* StorageManager.swift */,
				510997352CD9EAA8004B09A0 /* CoreDataManager.swift */,
			);
			path = LocalPersistence;
			sourceTree = "<group>";
		};
		516BD1E22CBA44FF0009CA9C /* Navigation */ = {
			isa = PBXGroup;
			children = (
				516BD1E42CBA45210009CA9C /* View */,
				516BD1E32CBA451A0009CA9C /* Controller */,
			);
			path = Navigation;
			sourceTree = "<group>";
		};
		516BD1E32CBA451A0009CA9C /* Controller */ = {
			isa = PBXGroup;
			children = (
			);
			path = Controller;
			sourceTree = "<group>";
		};
		516BD1E42CBA45210009CA9C /* View */ = {
			isa = PBXGroup;
			children = (
				51822B002CDDE3F300760CEF /* -O9-mNJolBCjdEXdTQWI.pdf */,
				51795C3B2CDD5E3900F19833 /* thecelestialshit.pdf */,
				516BD1E52CBA453C0009CA9C /* NavigationView.swift */,
			);
			path = View;
			sourceTree = "<group>";
		};
		516BD1E72CBA47480009CA9C /* BookStore */ = {
			isa = PBXGroup;
			children = (
				513B74B62CBD95100054D978 /* Model */,
				513B74B52CBD94F80054D978 /* ViewModel */,
				516BD1E82CBA475D0009CA9C /* View */,
			);
			path = BookStore;
			sourceTree = "<group>";
		};
		516BD1E82CBA475D0009CA9C /* View */ = {
			isa = PBXGroup;
			children = (
				516BD1E92CBA47680009CA9C /* BookStoreView.swift */,
				516BD1F62CBA66CB0009CA9C /* ProfilePictureView.swift */,
				516BD1F82CBA7BC50009CA9C /* BookCollectionView.swift */,
				516BD1FA2CBA7EF50009CA9C /* BookThumbnailView.swift */,
				516BD2092CBACB9D0009CA9C /* FeaturedBookView.swift */,
			);
			path = View;
			sourceTree = "<group>";
		};
		516BD1EB2CBA48670009CA9C /* Library */ = {
			isa = PBXGroup;
			children = (
				5186E5182CDB49F100A1A221 /* Model */,
				5186E5172CDB49E500A1A221 /* ViewModel */,
				516BD1EC2CBA48700009CA9C /* View */,
			);
			path = Library;
			sourceTree = "<group>";
		};
		516BD1EC2CBA48700009CA9C /* View */ = {
			isa = PBXGroup;
			children = (
				516BD1ED2CBA487A0009CA9C /* LibraryView.swift */,
				519603782CDA9EB000E63991 /* LibraryCurrentBookView.swift */,
				5186E5112CDB292D00A1A221 /* BookProgressView.swift */,
				5186E5132CDB329800A1A221 /* LibraryBookItemView.swift */,
				5186E5152CDB443F00A1A221 /* TestProgressView.swift */,
			);
			path = View;
			sourceTree = "<group>";
		};
		516BD1EF2CBA49B80009CA9C /* Settings */ = {
			isa = PBXGroup;
			children = (
				516BD1F22CBA49CE0009CA9C /* View */,
			);
			path = Settings;
			sourceTree = "<group>";
		};
		516BD1F22CBA49CE0009CA9C /* View */ = {
			isa = PBXGroup;
			children = (
				516BD1F02CBA49CA0009CA9C /* SettingsView.swift */,
			);
			path = View;
			sourceTree = "<group>";
		};
		516BD1F32CBA4D190009CA9C /* Utils */ = {
			isa = PBXGroup;
			children = (
				516BD1F42CBA4D260009CA9C /* Extensions.swift */,
				516A0CB42CBBE1E50026954E /* Error.swift */,
				51F90FD92CE46B910071C35A /* Utils.swift */,
			);
			path = Utils;
			sourceTree = "<group>";
		};
		516BD1FE2CBA9A6C0009CA9C /* Firebase */ = {
			isa = PBXGroup;
			children = (
				516BD1FF2CBA9A770009CA9C /* Controller */,
			);
			path = Firebase;
			sourceTree = "<group>";
		};
		516BD1FF2CBA9A770009CA9C /* Controller */ = {
			isa = PBXGroup;
			children = (
				516BD2002CBA9A850009CA9C /* FIRDatabaseManager.swift */,
				51795C2F2CDD465D00F19833 /* FIRStorageManager.swift */,
			);
			path = Controller;
			sourceTree = "<group>";
		};
		516BD20C2CBAD9E80009CA9C /* Authentication */ = {
			isa = PBXGroup;
			children = (
				516A0CAC2CBBAED40026954E /* Model */,
				516A0CAB2CBBAECB0026954E /* ViewModel */,
				516A0CAA2CBBAEC50026954E /* View */,
			);
			path = Authentication;
			sourceTree = "<group>";
		};
		51795C352CDD528300F19833 /* Document */ = {
			isa = PBXGroup;
			children = (
				51795C3D2CDD5F5300F19833 /* ViewModel */,
				51795C362CDD528F00F19833 /* View */,
			);
			path = Document;
			sourceTree = "<group>";
		};
		51795C362CDD528F00F19833 /* View */ = {
			isa = PBXGroup;
			children = (
				51795C372CDD529900F19833 /* DocumentPDFView.swift */,
				51795C422CDD650800F19833 /* DocumentView.swift */,
			);
			path = View;
			sourceTree = "<group>";
		};
		51795C3D2CDD5F5300F19833 /* ViewModel */ = {
			isa = PBXGroup;
			children = (
				51795C3E2CDD5F6200F19833 /* DocumentViewModel.swift */,
			);
			path = ViewModel;
			sourceTree = "<group>";
		};
		517A6A5D2CBF0C08002938B2 /* InAppStore */ = {
			isa = PBXGroup;
			children = (
				517A6A5F2CBF0C5B002938B2 /* bookreaderinapp.storekit */,
				51AE107E2CC3F2300006A903 /* InAppManager.swift */,
				51359E9C2CEB3298007AAB19 /* RentalOptions.swift */,
			);
			path = InAppStore;
			sourceTree = "<group>";
		};
		5186E5172CDB49E500A1A221 /* ViewModel */ = {
			isa = PBXGroup;
			children = (
				5186E5192CDB527400A1A221 /* LibraryViewModel.swift */,
			);
			path = ViewModel;
			sourceTree = "<group>";
		};
		5186E5182CDB49F100A1A221 /* Model */ = {
			isa = PBXGroup;
			children = (
			);
			path = Model;
			sourceTree = "<group>";
		};
		51ED07992CC905B300D8014F /* Session */ = {
			isa = PBXGroup;
			children = (
				51ED079A2CC905B800D8014F /* ViewModel */,
				51C0CD302CE3444100B642C0 /* ConnectivityManager.swift */,
				51C0CD322CE362A000B642C0 /* NetworkState.swift */,
			);
			path = Session;
			sourceTree = "<group>";
		};
		51ED079A2CC905B800D8014F /* ViewModel */ = {
			isa = PBXGroup;
			children = (
				51ED079B2CC905E600D8014F /* SessionViewModel.swift */,
			);
			path = ViewModel;
			sourceTree = "<group>";
		};
/* End PBXGroup section */

/* Begin PBXNativeTarget section */
		5114B1A02CB8F774005655A9 /* bookreader */ = {
			isa = PBXNativeTarget;
			buildConfigurationList = 5114B1B42CB8F776005655A9 /* Build configuration list for PBXNativeTarget "bookreader" */;
			buildPhases = (
				5114B19D2CB8F774005655A9 /* Sources */,
				5114B19E2CB8F774005655A9 /* Frameworks */,
				5114B19F2CB8F774005655A9 /* Resources */,
			);
			buildRules = (
			);
			dependencies = (
			);
			name = bookreader;
			packageProductDependencies = (
				5114B1B82CB8FA7C005655A9 /* FirebaseAnalytics */,
				5114B1BA2CB8FA7C005655A9 /* FirebaseCore */,
				5114B1BC2CB8FA7C005655A9 /* FirebaseDatabase */,
				5114B1BE2CB8FA7C005655A9 /* FirebaseRemoteConfig */,
				5114B1C02CB8FA7C005655A9 /* FirebaseStorage */,
				516BD2032CBAC4E30009CA9C /* GoogleSignIn */,
				516BD2052CBAC4E30009CA9C /* GoogleSignInSwift */,
				516BD20F2CBADB350009CA9C /* FirebaseAuth */,
				5191846C2CDBEE2A00BFFC29 /* FirebaseFirestore */,
			);
			productName = bookreader;
			productReference = 5114B1A12CB8F774005655A9 /* bookreader.app */;
			productType = "com.apple.product-type.application";
		};
/* End PBXNativeTarget section */

/* Begin PBXProject section */
		5114B1992CB8F774005655A9 /* Project object */ = {
			isa = PBXProject;
			attributes = {
				BuildIndependentTargetsInParallel = 1;
				LastSwiftUpdateCheck = 1530;
				LastUpgradeCheck = 1530;
				TargetAttributes = {
					5114B1A02CB8F774005655A9 = {
						CreatedOnToolsVersion = 15.3;
					};
				};
			};
			buildConfigurationList = 5114B19C2CB8F774005655A9 /* Build configuration list for PBXProject "bookreader" */;
			compatibilityVersion = "Xcode 14.0";
			developmentRegion = en;
			hasScannedForEncodings = 0;
			knownRegions = (
				en,
				Base,
			);
			mainGroup = 5114B1982CB8F774005655A9;
			packageReferences = (
				5114B1B72CB8FA7C005655A9 /* XCRemoteSwiftPackageReference "firebase-ios-sdk" */,
				516BD2022CBAC4E30009CA9C /* XCRemoteSwiftPackageReference "GoogleSignIn-iOS" */,
			);
			productRefGroup = 5114B1A22CB8F774005655A9 /* Products */;
			projectDirPath = "";
			projectRoot = "";
			targets = (
				5114B1A02CB8F774005655A9 /* bookreader */,
			);
		};
/* End PBXProject section */

/* Begin PBXResourcesBuildPhase section */
		5114B19F2CB8F774005655A9 /* Resources */ = {
			isa = PBXResourcesBuildPhase;
			buildActionMask = 2147483647;
			files = (
				517A6A602CBF0C5B002938B2 /* bookreaderinapp.storekit in Resources */,
				51822B012CDDE3F300760CEF /* -O9-mNJolBCjdEXdTQWI.pdf in Resources */,
				51795C342CDD508800F19833 /* GoogleService-Info.plist in Resources */,
				51795C3C2CDD5E3900F19833 /* thecelestialshit.pdf in Resources */,
				5114B1AC2CB8F776005655A9 /* Preview Assets.xcassets in Resources */,
				5114B1A92CB8F776005655A9 /* Assets.xcassets in Resources */,
			);
			runOnlyForDeploymentPostprocessing = 0;
		};
/* End PBXResourcesBuildPhase section */

/* Begin PBXSourcesBuildPhase section */
		5114B19D2CB8F774005655A9 /* Sources */ = {
			isa = PBXSourcesBuildPhase;
			buildActionMask = 2147483647;
			files = (
				51C0CD332CE362A000B642C0 /* NetworkState.swift in Sources */,
				516BD1EE2CBA487A0009CA9C /* LibraryView.swift in Sources */,
				51359E9D2CEB3298007AAB19 /* RentalOptions.swift in Sources */,
				516BD1F72CBA66CB0009CA9C /* ProfilePictureView.swift in Sources */,
				516A0CB82CBBEE300026954E /* UserDefaultManager.swift in Sources */,
				516A0CB52CBBE1E50026954E /* Error.swift in Sources */,
				5114B1AE2CB8F776005655A9 /* Persistence.swift in Sources */,
				5114B1B12CB8F776005655A9 /* bookreader.xcdatamodeld in Sources */,
				513B74BA2CBD97D90054D978 /* BookStoreViewModel.swift in Sources */,
				516BD1F92CBA7BC50009CA9C /* BookCollectionView.swift in Sources */,
				516BD2012CBA9A850009CA9C /* FIRDatabaseManager.swift in Sources */,
				5186E5122CDB292D00A1A221 /* BookProgressView.swift in Sources */,
				51E219E42CC1864300CED9A5 /* BookDetails.swift in Sources */,
				516BD20E2CBADA060009CA9C /* AuthenticationViewModel.swift in Sources */,
				519603792CDA9EB000E63991 /* LibraryCurrentBookView.swift in Sources */,
				51ED079C2CC905E600D8014F /* SessionViewModel.swift in Sources */,
				51221F792CBF7E4200D1D1CA /* BookDetailsView.swift in Sources */,
				51AE107F2CC3F2300006A903 /* InAppManager.swift in Sources */,
				51F90FDA2CE46B910071C35A /* Utils.swift in Sources */,
				5186E51A2CDB527400A1A221 /* LibraryViewModel.swift in Sources */,
				516BD1E62CBA453C0009CA9C /* NavigationView.swift in Sources */,
				516BD1F52CBA4D260009CA9C /* Extensions.swift in Sources */,
				51795C432CDD650800F19833 /* DocumentView.swift in Sources */,
				5114B1A72CB8F774005655A9 /* ContentView.swift in Sources */,
				510997362CD9EAA8004B09A0 /* CoreDataManager.swift in Sources */,
				516BD20A2CBACB9D0009CA9C /* FeaturedBookView.swift in Sources */,
				51795C382CDD529900F19833 /* DocumentPDFView.swift in Sources */,
				51795C3F2CDD5F6200F19833 /* DocumentViewModel.swift in Sources */,
				516A0CAE2CBBAEFE0026954E /* User.swift in Sources */,
				516BD1EA2CBA47680009CA9C /* BookStoreView.swift in Sources */,
				516A0CB12CBBB82B0026954E /* StorageManager.swift in Sources */,
				5114B1A52CB8F774005655A9 /* bookreaderApp.swift in Sources */,
				516A0CB32CBBB83F0026954E /* NameSpaces.swift in Sources */,
				516BD1FD2CBA981B0009CA9C /* AppDelegate.swift in Sources */,
				5186E5162CDB443F00A1A221 /* TestProgressView.swift in Sources */,
				516BD1FB2CBA7EF50009CA9C /* BookThumbnailView.swift in Sources */,
				513B74BC2CBD982B0054D978 /* Book.swift in Sources */,
				51795C302CDD465D00F19833 /* FIRStorageManager.swift in Sources */,
				519367FE2CC15E6200CA505F /* BookDetailsViewModel.swift in Sources */,
				5191846F2CDC622C00BFFC29 /* CacheBook.swift in Sources */,
				516BD1F12CBA49CA0009CA9C /* SettingsView.swift in Sources */,
				51C0CD312CE3444100B642C0 /* ConnectivityManager.swift in Sources */,
				5186E5142CDB329800A1A221 /* LibraryBookItemView.swift in Sources */,
			);
			runOnlyForDeploymentPostprocessing = 0;
		};
/* End PBXSourcesBuildPhase section */

/* Begin XCBuildConfiguration section */
		5114B1B22CB8F776005655A9 /* Debug */ = {
			isa = XCBuildConfiguration;
			buildSettings = {
				ALWAYS_SEARCH_USER_PATHS = NO;
				ASSETCATALOG_COMPILER_GENERATE_SWIFT_ASSET_SYMBOL_EXTENSIONS = YES;
				CLANG_ANALYZER_NONNULL = YES;
				CLANG_ANALYZER_NUMBER_OBJECT_CONVERSION = YES_AGGRESSIVE;
				CLANG_CXX_LANGUAGE_STANDARD = "gnu++20";
				CLANG_ENABLE_MODULES = YES;
				CLANG_ENABLE_OBJC_ARC = YES;
				CLANG_ENABLE_OBJC_WEAK = YES;
				CLANG_WARN_BLOCK_CAPTURE_AUTORELEASING = YES;
				CLANG_WARN_BOOL_CONVERSION = YES;
				CLANG_WARN_COMMA = YES;
				CLANG_WARN_CONSTANT_CONVERSION = YES;
				CLANG_WARN_DEPRECATED_OBJC_IMPLEMENTATIONS = YES;
				CLANG_WARN_DIRECT_OBJC_ISA_USAGE = YES_ERROR;
				CLANG_WARN_DOCUMENTATION_COMMENTS = YES;
				CLANG_WARN_EMPTY_BODY = YES;
				CLANG_WARN_ENUM_CONVERSION = YES;
				CLANG_WARN_INFINITE_RECURSION = YES;
				CLANG_WARN_INT_CONVERSION = YES;
				CLANG_WARN_NON_LITERAL_NULL_CONVERSION = YES;
				CLANG_WARN_OBJC_IMPLICIT_RETAIN_SELF = YES;
				CLANG_WARN_OBJC_LITERAL_CONVERSION = YES;
				CLANG_WARN_OBJC_ROOT_CLASS = YES_ERROR;
				CLANG_WARN_QUOTED_INCLUDE_IN_FRAMEWORK_HEADER = YES;
				CLANG_WARN_RANGE_LOOP_ANALYSIS = YES;
				CLANG_WARN_STRICT_PROTOTYPES = YES;
				CLANG_WARN_SUSPICIOUS_MOVE = YES;
				CLANG_WARN_UNGUARDED_AVAILABILITY = YES_AGGRESSIVE;
				CLANG_WARN_UNREACHABLE_CODE = YES;
				CLANG_WARN__DUPLICATE_METHOD_MATCH = YES;
				COPY_PHASE_STRIP = NO;
				DEBUG_INFORMATION_FORMAT = dwarf;
				ENABLE_STRICT_OBJC_MSGSEND = YES;
				ENABLE_TESTABILITY = YES;
				ENABLE_USER_SCRIPT_SANDBOXING = YES;
				GCC_C_LANGUAGE_STANDARD = gnu17;
				GCC_DYNAMIC_NO_PIC = NO;
				GCC_NO_COMMON_BLOCKS = YES;
				GCC_OPTIMIZATION_LEVEL = 0;
				GCC_PREPROCESSOR_DEFINITIONS = (
					"DEBUG=1",
					"$(inherited)",
				);
				GCC_WARN_64_TO_32_BIT_CONVERSION = YES;
				GCC_WARN_ABOUT_RETURN_TYPE = YES_ERROR;
				GCC_WARN_UNDECLARED_SELECTOR = YES;
				GCC_WARN_UNINITIALIZED_AUTOS = YES_AGGRESSIVE;
				GCC_WARN_UNUSED_FUNCTION = YES;
				GCC_WARN_UNUSED_VARIABLE = YES;
				IPHONEOS_DEPLOYMENT_TARGET = 16.1;
				LOCALIZATION_PREFERS_STRING_CATALOGS = YES;
				MTL_ENABLE_DEBUG_INFO = INCLUDE_SOURCE;
				MTL_FAST_MATH = YES;
				ONLY_ACTIVE_ARCH = YES;
				SDKROOT = iphoneos;
				SWIFT_ACTIVE_COMPILATION_CONDITIONS = "DEBUG $(inherited)";
				SWIFT_OPTIMIZATION_LEVEL = "-Onone";
			};
			name = Debug;
		};
		5114B1B32CB8F776005655A9 /* Release */ = {
			isa = XCBuildConfiguration;
			buildSettings = {
				ALWAYS_SEARCH_USER_PATHS = NO;
				ASSETCATALOG_COMPILER_GENERATE_SWIFT_ASSET_SYMBOL_EXTENSIONS = YES;
				CLANG_ANALYZER_NONNULL = YES;
				CLANG_ANALYZER_NUMBER_OBJECT_CONVERSION = YES_AGGRESSIVE;
				CLANG_CXX_LANGUAGE_STANDARD = "gnu++20";
				CLANG_ENABLE_MODULES = YES;
				CLANG_ENABLE_OBJC_ARC = YES;
				CLANG_ENABLE_OBJC_WEAK = YES;
				CLANG_WARN_BLOCK_CAPTURE_AUTORELEASING = YES;
				CLANG_WARN_BOOL_CONVERSION = YES;
				CLANG_WARN_COMMA = YES;
				CLANG_WARN_CONSTANT_CONVERSION = YES;
				CLANG_WARN_DEPRECATED_OBJC_IMPLEMENTATIONS = YES;
				CLANG_WARN_DIRECT_OBJC_ISA_USAGE = YES_ERROR;
				CLANG_WARN_DOCUMENTATION_COMMENTS = YES;
				CLANG_WARN_EMPTY_BODY = YES;
				CLANG_WARN_ENUM_CONVERSION = YES;
				CLANG_WARN_INFINITE_RECURSION = YES;
				CLANG_WARN_INT_CONVERSION = YES;
				CLANG_WARN_NON_LITERAL_NULL_CONVERSION = YES;
				CLANG_WARN_OBJC_IMPLICIT_RETAIN_SELF = YES;
				CLANG_WARN_OBJC_LITERAL_CONVERSION = YES;
				CLANG_WARN_OBJC_ROOT_CLASS = YES_ERROR;
				CLANG_WARN_QUOTED_INCLUDE_IN_FRAMEWORK_HEADER = YES;
				CLANG_WARN_RANGE_LOOP_ANALYSIS = YES;
				CLANG_WARN_STRICT_PROTOTYPES = YES;
				CLANG_WARN_SUSPICIOUS_MOVE = YES;
				CLANG_WARN_UNGUARDED_AVAILABILITY = YES_AGGRESSIVE;
				CLANG_WARN_UNREACHABLE_CODE = YES;
				CLANG_WARN__DUPLICATE_METHOD_MATCH = YES;
				COPY_PHASE_STRIP = NO;
				DEBUG_INFORMATION_FORMAT = "dwarf-with-dsym";
				ENABLE_NS_ASSERTIONS = NO;
				ENABLE_STRICT_OBJC_MSGSEND = YES;
				ENABLE_USER_SCRIPT_SANDBOXING = YES;
				GCC_C_LANGUAGE_STANDARD = gnu17;
				GCC_NO_COMMON_BLOCKS = YES;
				GCC_WARN_64_TO_32_BIT_CONVERSION = YES;
				GCC_WARN_ABOUT_RETURN_TYPE = YES_ERROR;
				GCC_WARN_UNDECLARED_SELECTOR = YES;
				GCC_WARN_UNINITIALIZED_AUTOS = YES_AGGRESSIVE;
				GCC_WARN_UNUSED_FUNCTION = YES;
				GCC_WARN_UNUSED_VARIABLE = YES;
				IPHONEOS_DEPLOYMENT_TARGET = 16.1;
				LOCALIZATION_PREFERS_STRING_CATALOGS = YES;
				MTL_ENABLE_DEBUG_INFO = NO;
				MTL_FAST_MATH = YES;
				SDKROOT = iphoneos;
				SWIFT_COMPILATION_MODE = wholemodule;
				VALIDATE_PRODUCT = YES;
			};
			name = Release;
		};
		5114B1B52CB8F776005655A9 /* Debug */ = {
			isa = XCBuildConfiguration;
			buildSettings = {
				ASSETCATALOG_COMPILER_APPICON_NAME = AppIcon;
				ASSETCATALOG_COMPILER_GLOBAL_ACCENT_COLOR_NAME = AccentColor;
				CODE_SIGN_STYLE = Automatic;
				CURRENT_PROJECT_VERSION = 1;
				DEVELOPMENT_ASSET_PATHS = "\"bookreader/Preview Content\"";
				DEVELOPMENT_TEAM = MKK9FRT2U3;
				ENABLE_PREVIEWS = YES;
				GENERATE_INFOPLIST_FILE = YES;
				INFOPLIST_FILE = bookreader/Info.plist;
				INFOPLIST_KEY_CFBundleDisplayName = "Book Reader";
				INFOPLIST_KEY_LSSupportsOpeningDocumentsInPlace = YES;
				INFOPLIST_KEY_UIApplicationSceneManifest_Generation = YES;
				INFOPLIST_KEY_UIApplicationSupportsIndirectInputEvents = YES;
				INFOPLIST_KEY_UILaunchScreen_Generation = YES;
				INFOPLIST_KEY_UISupportedInterfaceOrientations_iPad = "UIInterfaceOrientationPortrait UIInterfaceOrientationPortraitUpsideDown UIInterfaceOrientationLandscapeLeft UIInterfaceOrientationLandscapeRight";
				INFOPLIST_KEY_UISupportedInterfaceOrientations_iPhone = "UIInterfaceOrientationPortrait UIInterfaceOrientationLandscapeLeft UIInterfaceOrientationLandscapeRight";
				IPHONEOS_DEPLOYMENT_TARGET = 16.1;
				LD_RUNPATH_SEARCH_PATHS = (
					"$(inherited)",
					"@executable_path/Frameworks",
				);
				MARKETING_VERSION = 1.0;
				PRODUCT_BUNDLE_IDENTIFIER = com.nilupulsandeepa.test.bookreader;
				PRODUCT_NAME = "$(TARGET_NAME)";
				SWIFT_EMIT_LOC_STRINGS = YES;
				SWIFT_VERSION = 5.0;
				TARGETED_DEVICE_FAMILY = "1,2";
			};
			name = Debug;
		};
		5114B1B62CB8F776005655A9 /* Release */ = {
			isa = XCBuildConfiguration;
			buildSettings = {
				ASSETCATALOG_COMPILER_APPICON_NAME = AppIcon;
				ASSETCATALOG_COMPILER_GLOBAL_ACCENT_COLOR_NAME = AccentColor;
				CODE_SIGN_STYLE = Automatic;
				CURRENT_PROJECT_VERSION = 1;
				DEVELOPMENT_ASSET_PATHS = "\"bookreader/Preview Content\"";
				DEVELOPMENT_TEAM = MKK9FRT2U3;
				ENABLE_PREVIEWS = YES;
				GENERATE_INFOPLIST_FILE = YES;
				INFOPLIST_FILE = bookreader/Info.plist;
				INFOPLIST_KEY_CFBundleDisplayName = "Book Reader";
				INFOPLIST_KEY_LSSupportsOpeningDocumentsInPlace = YES;
				INFOPLIST_KEY_UIApplicationSceneManifest_Generation = YES;
				INFOPLIST_KEY_UIApplicationSupportsIndirectInputEvents = YES;
				INFOPLIST_KEY_UILaunchScreen_Generation = YES;
				INFOPLIST_KEY_UISupportedInterfaceOrientations_iPad = "UIInterfaceOrientationPortrait UIInterfaceOrientationPortraitUpsideDown UIInterfaceOrientationLandscapeLeft UIInterfaceOrientationLandscapeRight";
				INFOPLIST_KEY_UISupportedInterfaceOrientations_iPhone = "UIInterfaceOrientationPortrait UIInterfaceOrientationLandscapeLeft UIInterfaceOrientationLandscapeRight";
				IPHONEOS_DEPLOYMENT_TARGET = 16.1;
				LD_RUNPATH_SEARCH_PATHS = (
					"$(inherited)",
					"@executable_path/Frameworks",
				);
				MARKETING_VERSION = 1.0;
				PRODUCT_BUNDLE_IDENTIFIER = com.nilupulsandeepa.test.bookreader;
				PRODUCT_NAME = "$(TARGET_NAME)";
				SWIFT_EMIT_LOC_STRINGS = YES;
				SWIFT_VERSION = 5.0;
				TARGETED_DEVICE_FAMILY = "1,2";
			};
			name = Release;
		};
/* End XCBuildConfiguration section */

/* Begin XCConfigurationList section */
		5114B19C2CB8F774005655A9 /* Build configuration list for PBXProject "bookreader" */ = {
			isa = XCConfigurationList;
			buildConfigurations = (
				5114B1B22CB8F776005655A9 /* Debug */,
				5114B1B32CB8F776005655A9 /* Release */,
			);
			defaultConfigurationIsVisible = 0;
			defaultConfigurationName = Release;
		};
		5114B1B42CB8F776005655A9 /* Build configuration list for PBXNativeTarget "bookreader" */ = {
			isa = XCConfigurationList;
			buildConfigurations = (
				5114B1B52CB8F776005655A9 /* Debug */,
				5114B1B62CB8F776005655A9 /* Release */,
			);
			defaultConfigurationIsVisible = 0;
			defaultConfigurationName = Release;
		};
/* End XCConfigurationList section */

/* Begin XCRemoteSwiftPackageReference section */
		5114B1B72CB8FA7C005655A9 /* XCRemoteSwiftPackageReference "firebase-ios-sdk" */ = {
			isa = XCRemoteSwiftPackageReference;
			repositoryURL = "https://github.com/firebase/firebase-ios-sdk";
			requirement = {
				kind = upToNextMajorVersion;
				minimumVersion = 11.3.0;
			};
		};
		516BD2022CBAC4E30009CA9C /* XCRemoteSwiftPackageReference "GoogleSignIn-iOS" */ = {
			isa = XCRemoteSwiftPackageReference;
			repositoryURL = "https://github.com/google/GoogleSignIn-iOS";
			requirement = {
				kind = upToNextMajorVersion;
				minimumVersion = 8.0.0;
			};
		};
/* End XCRemoteSwiftPackageReference section */

/* Begin XCSwiftPackageProductDependency section */
		5114B1B82CB8FA7C005655A9 /* FirebaseAnalytics */ = {
			isa = XCSwiftPackageProductDependency;
			package = 5114B1B72CB8FA7C005655A9 /* XCRemoteSwiftPackageReference "firebase-ios-sdk" */;
			productName = FirebaseAnalytics;
		};
		5114B1BA2CB8FA7C005655A9 /* FirebaseCore */ = {
			isa = XCSwiftPackageProductDependency;
			package = 5114B1B72CB8FA7C005655A9 /* XCRemoteSwiftPackageReference "firebase-ios-sdk" */;
			productName = FirebaseCore;
		};
		5114B1BC2CB8FA7C005655A9 /* FirebaseDatabase */ = {
			isa = XCSwiftPackageProductDependency;
			package = 5114B1B72CB8FA7C005655A9 /* XCRemoteSwiftPackageReference "firebase-ios-sdk" */;
			productName = FirebaseDatabase;
		};
		5114B1BE2CB8FA7C005655A9 /* FirebaseRemoteConfig */ = {
			isa = XCSwiftPackageProductDependency;
			package = 5114B1B72CB8FA7C005655A9 /* XCRemoteSwiftPackageReference "firebase-ios-sdk" */;
			productName = FirebaseRemoteConfig;
		};
		5114B1C02CB8FA7C005655A9 /* FirebaseStorage */ = {
			isa = XCSwiftPackageProductDependency;
			package = 5114B1B72CB8FA7C005655A9 /* XCRemoteSwiftPackageReference "firebase-ios-sdk" */;
			productName = FirebaseStorage;
		};
		516BD2032CBAC4E30009CA9C /* GoogleSignIn */ = {
			isa = XCSwiftPackageProductDependency;
			package = 516BD2022CBAC4E30009CA9C /* XCRemoteSwiftPackageReference "GoogleSignIn-iOS" */;
			productName = GoogleSignIn;
		};
		516BD2052CBAC4E30009CA9C /* GoogleSignInSwift */ = {
			isa = XCSwiftPackageProductDependency;
			package = 516BD2022CBAC4E30009CA9C /* XCRemoteSwiftPackageReference "GoogleSignIn-iOS" */;
			productName = GoogleSignInSwift;
		};
		516BD20F2CBADB350009CA9C /* FirebaseAuth */ = {
			isa = XCSwiftPackageProductDependency;
			package = 5114B1B72CB8FA7C005655A9 /* XCRemoteSwiftPackageReference "firebase-ios-sdk" */;
			productName = FirebaseAuth;
		};
		5191846C2CDBEE2A00BFFC29 /* FirebaseFirestore */ = {
			isa = XCSwiftPackageProductDependency;
			package = 5114B1B72CB8FA7C005655A9 /* XCRemoteSwiftPackageReference "firebase-ios-sdk" */;
			productName = FirebaseFirestore;
		};
/* End XCSwiftPackageProductDependency section */

/* Begin XCVersionGroup section */
		5114B1AF2CB8F776005655A9 /* bookreader.xcdatamodeld */ = {
			isa = XCVersionGroup;
			children = (
				5114B1B02CB8F776005655A9 /* bookreader.xcdatamodel */,
			);
			currentVersion = 5114B1B02CB8F776005655A9 /* bookreader.xcdatamodel */;
			path = bookreader.xcdatamodeld;
			sourceTree = "<group>";
			versionGroupType = wrapper.xcdatamodel;
		};
/* End XCVersionGroup section */
	};
	rootObject = 5114B1992CB8F774005655A9 /* Project object */;
}
