// !$*UTF8*$!
{
	archiveVersion = 1;
	classes = {
	};
	objectVersion = 56;
	objects = {

/* Begin PBXBuildFile section */
		5114B1A52CB8F774005655A9 /* bookreaderApp.swift in Sources */ = {isa = PBXBuildFile; fileRef = 5114B1A42CB8F774005655A9 /* bookreaderApp.swift */; };
		5114B1A72CB8F774005655A9 /* ContentView.swift in Sources */ = {isa = PBXBuildFile; fileRef = 5114B1A62CB8F774005655A9 /* ContentView.swift */; };
		5114B1A92CB8F776005655A9 /* Assets.xcassets in Resources */ = {isa = PBXBuildFile; fileRef = 5114B1A82CB8F776005655A9 /* Assets.xcassets */; };
		5114B1AC2CB8F776005655A9 /* Preview Assets.xcassets in Resources */ = {isa = PBXBuildFile; fileRef = 5114B1AB2CB8F776005655A9 /* Preview Assets.xcassets */; };
		5114B1AE2CB8F776005655A9 /* Persistence.swift in Sources */ = {isa = PBXBuildFile; fileRef = 5114B1AD2CB8F776005655A9 /* Persistence.swift */; };
		5114B1B12CB8F776005655A9 /* bookreader.xcdatamodeld in Sources */ = {isa = PBXBuildFile; fileRef = 5114B1AF2CB8F776005655A9 /* bookreader.xcdatamodeld */; };
		5114B1B92CB8FA7C005655A9 /* FirebaseAnalytics in Frameworks */ = {isa = PBXBuildFile; productRef = 5114B1B82CB8FA7C005655A9 /* FirebaseAnalytics */; };
		5114B1BB2CB8FA7C005655A9 /* FirebaseCore in Frameworks */ = {isa = PBXBuildFile; productRef = 5114B1BA2CB8FA7C005655A9 /* FirebaseCore */; };
		5114B1BD2CB8FA7C005655A9 /* FirebaseDatabase in Frameworks */ = {isa = PBXBuildFile; productRef = 5114B1BC2CB8FA7C005655A9 /* FirebaseDatabase */; };
		5114B1BF2CB8FA7C005655A9 /* FirebaseRemoteConfig in Frameworks */ = {isa = PBXBuildFile; productRef = 5114B1BE2CB8FA7C005655A9 /* FirebaseRemoteConfig */; };
		5114B1C12CB8FA7C005655A9 /* FirebaseStorage in Frameworks */ = {isa = PBXBuildFile; productRef = 5114B1C02CB8FA7C005655A9 /* FirebaseStorage */; };
		513B74BA2CBD97D90054D978 /* BRBookStoreViewModel.swift in Sources */ = {isa = PBXBuildFile; fileRef = 513B74B92CBD97D90054D978 /* BRBookStoreViewModel.swift */; };
		513B74BC2CBD982B0054D978 /* BRBook.swift in Sources */ = {isa = PBXBuildFile; fileRef = 513B74BB2CBD982A0054D978 /* BRBook.swift */; };
		516A0CAE2CBBAEFE0026954E /* BRUser.swift in Sources */ = {isa = PBXBuildFile; fileRef = 516A0CAD2CBBAEFE0026954E /* BRUser.swift */; };
		516A0CB12CBBB82B0026954E /* BRLocalStorageManager.swift in Sources */ = {isa = PBXBuildFile; fileRef = 516A0CB02CBBB82B0026954E /* BRLocalStorageManager.swift */; };
		516A0CB32CBBB83F0026954E /* BRNameSpaces.swift in Sources */ = {isa = PBXBuildFile; fileRef = 516A0CB22CBBB83F0026954E /* BRNameSpaces.swift */; };
		516A0CB52CBBE1E50026954E /* BRError.swift in Sources */ = {isa = PBXBuildFile; fileRef = 516A0CB42CBBE1E50026954E /* BRError.swift */; };
		516A0CB82CBBEE300026954E /* BRUserDefaultManager.swift in Sources */ = {isa = PBXBuildFile; fileRef = 516A0CB72CBBEE300026954E /* BRUserDefaultManager.swift */; };
		516BD1E62CBA453C0009CA9C /* BRNavigationView.swift in Sources */ = {isa = PBXBuildFile; fileRef = 516BD1E52CBA453C0009CA9C /* BRNavigationView.swift */; };
		516BD1EA2CBA47680009CA9C /* BRBookStoreView.swift in Sources */ = {isa = PBXBuildFile; fileRef = 516BD1E92CBA47680009CA9C /* BRBookStoreView.swift */; };
		516BD1EE2CBA487A0009CA9C /* BRLibraryView.swift in Sources */ = {isa = PBXBuildFile; fileRef = 516BD1ED2CBA487A0009CA9C /* BRLibraryView.swift */; };
		516BD1F12CBA49CA0009CA9C /* BRSettingsView.swift in Sources */ = {isa = PBXBuildFile; fileRef = 516BD1F02CBA49CA0009CA9C /* BRSettingsView.swift */; };
		516BD1F52CBA4D260009CA9C /* BRExtensions.swift in Sources */ = {isa = PBXBuildFile; fileRef = 516BD1F42CBA4D260009CA9C /* BRExtensions.swift */; };
		516BD1F72CBA66CB0009CA9C /* BRProfilePictureView.swift in Sources */ = {isa = PBXBuildFile; fileRef = 516BD1F62CBA66CB0009CA9C /* BRProfilePictureView.swift */; };
		516BD1F92CBA7BC50009CA9C /* BRBookCollectionView.swift in Sources */ = {isa = PBXBuildFile; fileRef = 516BD1F82CBA7BC50009CA9C /* BRBookCollectionView.swift */; };
		516BD1FB2CBA7EF50009CA9C /* BRBookThumbnailView.swift in Sources */ = {isa = PBXBuildFile; fileRef = 516BD1FA2CBA7EF50009CA9C /* BRBookThumbnailView.swift */; };
		516BD1FD2CBA981B0009CA9C /* AppDelegate.swift in Sources */ = {isa = PBXBuildFile; fileRef = 516BD1FC2CBA981B0009CA9C /* AppDelegate.swift */; };
		516BD2012CBA9A850009CA9C /* BRFIRDatabaseManager.swift in Sources */ = {isa = PBXBuildFile; fileRef = 516BD2002CBA9A850009CA9C /* BRFIRDatabaseManager.swift */; };
		516BD2042CBAC4E30009CA9C /* GoogleSignIn in Frameworks */ = {isa = PBXBuildFile; productRef = 516BD2032CBAC4E30009CA9C /* GoogleSignIn */; };
		516BD2062CBAC4E30009CA9C /* GoogleSignInSwift in Frameworks */ = {isa = PBXBuildFile; productRef = 516BD2052CBAC4E30009CA9C /* GoogleSignInSwift */; };
		516BD20A2CBACB9D0009CA9C /* BRFeaturedBookView.swift in Sources */ = {isa = PBXBuildFile; fileRef = 516BD2092CBACB9D0009CA9C /* BRFeaturedBookView.swift */; };
		516BD20E2CBADA060009CA9C /* BRFIRAuthenticationViewModel.swift in Sources */ = {isa = PBXBuildFile; fileRef = 516BD20D2CBADA060009CA9C /* BRFIRAuthenticationViewModel.swift */; };
		516BD2102CBADB350009CA9C /* FirebaseAuth in Frameworks */ = {isa = PBXBuildFile; productRef = 516BD20F2CBADB350009CA9C /* FirebaseAuth */; };
		516BD2122CBAEB5E0009CA9C /* GoogleService-Info.plist in Resources */ = {isa = PBXBuildFile; fileRef = 516BD2112CBAEB5E0009CA9C /* GoogleService-Info.plist */; };
/* End PBXBuildFile section */

/* Begin PBXFileReference section */
		5114B1A12CB8F774005655A9 /* bookreader.app */ = {isa = PBXFileReference; explicitFileType = wrapper.application; includeInIndex = 0; path = bookreader.app; sourceTree = BUILT_PRODUCTS_DIR; };
		5114B1A42CB8F774005655A9 /* bookreaderApp.swift */ = {isa = PBXFileReference; lastKnownFileType = sourcecode.swift; path = bookreaderApp.swift; sourceTree = "<group>"; };
		5114B1A62CB8F774005655A9 /* ContentView.swift */ = {isa = PBXFileReference; lastKnownFileType = sourcecode.swift; path = ContentView.swift; sourceTree = "<group>"; };
		5114B1A82CB8F776005655A9 /* Assets.xcassets */ = {isa = PBXFileReference; lastKnownFileType = folder.assetcatalog; path = Assets.xcassets; sourceTree = "<group>"; };
		5114B1AB2CB8F776005655A9 /* Preview Assets.xcassets */ = {isa = PBXFileReference; lastKnownFileType = folder.assetcatalog; path = "Preview Assets.xcassets"; sourceTree = "<group>"; };
		5114B1AD2CB8F776005655A9 /* Persistence.swift */ = {isa = PBXFileReference; lastKnownFileType = sourcecode.swift; path = Persistence.swift; sourceTree = "<group>"; };
		5114B1B02CB8F776005655A9 /* bookreader.xcdatamodel */ = {isa = PBXFileReference; lastKnownFileType = wrapper.xcdatamodel; path = bookreader.xcdatamodel; sourceTree = "<group>"; };
		513B74B92CBD97D90054D978 /* BRBookStoreViewModel.swift */ = {isa = PBXFileReference; lastKnownFileType = sourcecode.swift; path = BRBookStoreViewModel.swift; sourceTree = "<group>"; };
		513B74BB2CBD982A0054D978 /* BRBook.swift */ = {isa = PBXFileReference; lastKnownFileType = sourcecode.swift; path = BRBook.swift; sourceTree = "<group>"; };
		516A0CAD2CBBAEFE0026954E /* BRUser.swift */ = {isa = PBXFileReference; lastKnownFileType = sourcecode.swift; path = BRUser.swift; sourceTree = "<group>"; };
		516A0CB02CBBB82B0026954E /* BRLocalStorageManager.swift */ = {isa = PBXFileReference; lastKnownFileType = sourcecode.swift; path = BRLocalStorageManager.swift; sourceTree = "<group>"; };
		516A0CB22CBBB83F0026954E /* BRNameSpaces.swift */ = {isa = PBXFileReference; lastKnownFileType = sourcecode.swift; path = BRNameSpaces.swift; sourceTree = "<group>"; };
		516A0CB42CBBE1E50026954E /* BRError.swift */ = {isa = PBXFileReference; lastKnownFileType = sourcecode.swift; path = BRError.swift; sourceTree = "<group>"; };
		516A0CB72CBBEE300026954E /* BRUserDefaultManager.swift */ = {isa = PBXFileReference; lastKnownFileType = sourcecode.swift; path = BRUserDefaultManager.swift; sourceTree = "<group>"; };
		516BD1E52CBA453C0009CA9C /* BRNavigationView.swift */ = {isa = PBXFileReference; lastKnownFileType = sourcecode.swift; path = BRNavigationView.swift; sourceTree = "<group>"; };
		516BD1E92CBA47680009CA9C /* BRBookStoreView.swift */ = {isa = PBXFileReference; lastKnownFileType = sourcecode.swift; path = BRBookStoreView.swift; sourceTree = "<group>"; };
		516BD1ED2CBA487A0009CA9C /* BRLibraryView.swift */ = {isa = PBXFileReference; lastKnownFileType = sourcecode.swift; path = BRLibraryView.swift; sourceTree = "<group>"; };
		516BD1F02CBA49CA0009CA9C /* BRSettingsView.swift */ = {isa = PBXFileReference; lastKnownFileType = sourcecode.swift; path = BRSettingsView.swift; sourceTree = "<group>"; };
		516BD1F42CBA4D260009CA9C /* BRExtensions.swift */ = {isa = PBXFileReference; lastKnownFileType = sourcecode.swift; path = BRExtensions.swift; sourceTree = "<group>"; };
		516BD1F62CBA66CB0009CA9C /* BRProfilePictureView.swift */ = {isa = PBXFileReference; lastKnownFileType = sourcecode.swift; path = BRProfilePictureView.swift; sourceTree = "<group>"; };
		516BD1F82CBA7BC50009CA9C /* BRBookCollectionView.swift */ = {isa = PBXFileReference; lastKnownFileType = sourcecode.swift; path = BRBookCollectionView.swift; sourceTree = "<group>"; };
		516BD1FA2CBA7EF50009CA9C /* BRBookThumbnailView.swift */ = {isa = PBXFileReference; lastKnownFileType = sourcecode.swift; path = BRBookThumbnailView.swift; sourceTree = "<group>"; };
		516BD1FC2CBA981B0009CA9C /* AppDelegate.swift */ = {isa = PBXFileReference; lastKnownFileType = sourcecode.swift; path = AppDelegate.swift; sourceTree = "<group>"; };
		516BD2002CBA9A850009CA9C /* BRFIRDatabaseManager.swift */ = {isa = PBXFileReference; lastKnownFileType = sourcecode.swift; path = BRFIRDatabaseManager.swift; sourceTree = "<group>"; };
		516BD2092CBACB9D0009CA9C /* BRFeaturedBookView.swift */ = {isa = PBXFileReference; lastKnownFileType = sourcecode.swift; path = BRFeaturedBookView.swift; sourceTree = "<group>"; };
		516BD20B2CBAD9A70009CA9C /* Info.plist */ = {isa = PBXFileReference; lastKnownFileType = text.plist; path = Info.plist; sourceTree = "<group>"; };
		516BD20D2CBADA060009CA9C /* BRFIRAuthenticationViewModel.swift */ = {isa = PBXFileReference; lastKnownFileType = sourcecode.swift; path = BRFIRAuthenticationViewModel.swift; sourceTree = "<group>"; };
		516BD2112CBAEB5E0009CA9C /* GoogleService-Info.plist */ = {isa = PBXFileReference; fileEncoding = 4; lastKnownFileType = text.plist.xml; path = "GoogleService-Info.plist"; sourceTree = "<group>"; };
/* End PBXFileReference section */

/* Begin PBXFrameworksBuildPhase section */
		5114B19E2CB8F774005655A9 /* Frameworks */ = {
			isa = PBXFrameworksBuildPhase;
			buildActionMask = 2147483647;
			files = (
				5114B1BD2CB8FA7C005655A9 /* FirebaseDatabase in Frameworks */,
				5114B1BB2CB8FA7C005655A9 /* FirebaseCore in Frameworks */,
				516BD2062CBAC4E30009CA9C /* GoogleSignInSwift in Frameworks */,
				5114B1B92CB8FA7C005655A9 /* FirebaseAnalytics in Frameworks */,
				5114B1C12CB8FA7C005655A9 /* FirebaseStorage in Frameworks */,
				5114B1BF2CB8FA7C005655A9 /* FirebaseRemoteConfig in Frameworks */,
				516BD2042CBAC4E30009CA9C /* GoogleSignIn in Frameworks */,
				516BD2102CBADB350009CA9C /* FirebaseAuth in Frameworks */,
			);
			runOnlyForDeploymentPostprocessing = 0;
		};
/* End PBXFrameworksBuildPhase section */

/* Begin PBXGroup section */
		5114B1982CB8F774005655A9 = {
			isa = PBXGroup;
			children = (
				5114B1A32CB8F774005655A9 /* bookreader */,
				5114B1A22CB8F774005655A9 /* Products */,
			);
			sourceTree = "<group>";
		};
		5114B1A22CB8F774005655A9 /* Products */ = {
			isa = PBXGroup;
			children = (
				5114B1A12CB8F774005655A9 /* bookreader.app */,
			);
			name = Products;
			sourceTree = "<group>";
		};
		5114B1A32CB8F774005655A9 /* bookreader */ = {
			isa = PBXGroup;
			children = (
				516A0CB62CBBEE210026954E /* UserDefaults */,
				516A0CAF2CBBB80F0026954E /* LocalStorage */,
				516BD20C2CBAD9E80009CA9C /* Authentication */,
				516BD1FE2CBA9A6C0009CA9C /* Firebase */,
				516BD1F32CBA4D190009CA9C /* Utils */,
				516BD1EF2CBA49B80009CA9C /* Settings */,
				516BD1EB2CBA48670009CA9C /* Library */,
				516BD1E72CBA47480009CA9C /* BookStore */,
				516BD1E22CBA44FF0009CA9C /* Navigation */,
				5114B1A42CB8F774005655A9 /* bookreaderApp.swift */,
				5114B1A62CB8F774005655A9 /* ContentView.swift */,
				516BD20B2CBAD9A70009CA9C /* Info.plist */,
				516BD2112CBAEB5E0009CA9C /* GoogleService-Info.plist */,
				5114B1A82CB8F776005655A9 /* Assets.xcassets */,
				5114B1AD2CB8F776005655A9 /* Persistence.swift */,
				5114B1AF2CB8F776005655A9 /* bookreader.xcdatamodeld */,
				5114B1AA2CB8F776005655A9 /* Preview Content */,
				516BD1FC2CBA981B0009CA9C /* AppDelegate.swift */,
				516A0CB22CBBB83F0026954E /* BRNameSpaces.swift */,
			);
			path = bookreader;
			sourceTree = "<group>";
		};
		5114B1AA2CB8F776005655A9 /* Preview Content */ = {
			isa = PBXGroup;
			children = (
				5114B1AB2CB8F776005655A9 /* Preview Assets.xcassets */,
			);
			path = "Preview Content";
			sourceTree = "<group>";
		};
		513B74B52CBD94F80054D978 /* ViewModel */ = {
			isa = PBXGroup;
			children = (
				513B74B92CBD97D90054D978 /* BRBookStoreViewModel.swift */,
			);
			path = ViewModel;
			sourceTree = "<group>";
		};
		513B74B62CBD95100054D978 /* Model */ = {
			isa = PBXGroup;
			children = (
				513B74BB2CBD982A0054D978 /* BRBook.swift */,
			);
			path = Model;
			sourceTree = "<group>";
		};
		516A0CAA2CBBAEC50026954E /* View */ = {
			isa = PBXGroup;
			children = (
			);
			path = View;
			sourceTree = "<group>";
		};
		516A0CAB2CBBAECB0026954E /* ViewModel */ = {
			isa = PBXGroup;
			children = (
				516BD20D2CBADA060009CA9C /* BRFIRAuthenticationViewModel.swift */,
			);
			path = ViewModel;
			sourceTree = "<group>";
		};
		516A0CAC2CBBAED40026954E /* Model */ = {
			isa = PBXGroup;
			children = (
				516A0CAD2CBBAEFE0026954E /* BRUser.swift */,
			);
			path = Model;
			sourceTree = "<group>";
		};
		516A0CAF2CBBB80F0026954E /* LocalStorage */ = {
			isa = PBXGroup;
			children = (
				516A0CB02CBBB82B0026954E /* BRLocalStorageManager.swift */,
			);
			path = LocalStorage;
			sourceTree = "<group>";
		};
		516A0CB62CBBEE210026954E /* UserDefaults */ = {
			isa = PBXGroup;
			children = (
				516A0CB72CBBEE300026954E /* BRUserDefaultManager.swift */,
			);
			path = UserDefaults;
			sourceTree = "<group>";
		};
		516BD1E22CBA44FF0009CA9C /* Navigation */ = {
			isa = PBXGroup;
			children = (
				516BD1E42CBA45210009CA9C /* View */,
				516BD1E32CBA451A0009CA9C /* Controller */,
			);
			path = Navigation;
			sourceTree = "<group>";
		};
		516BD1E32CBA451A0009CA9C /* Controller */ = {
			isa = PBXGroup;
			children = (
			);
			path = Controller;
			sourceTree = "<group>";
		};
		516BD1E42CBA45210009CA9C /* View */ = {
			isa = PBXGroup;
			children = (
				516BD1E52CBA453C0009CA9C /* BRNavigationView.swift */,
			);
			path = View;
			sourceTree = "<group>";
		};
		516BD1E72CBA47480009CA9C /* BookStore */ = {
			isa = PBXGroup;
			children = (
				513B74B62CBD95100054D978 /* Model */,
				513B74B52CBD94F80054D978 /* ViewModel */,
				516BD1E82CBA475D0009CA9C /* View */,
			);
			path = BookStore;
			sourceTree = "<group>";
		};
		516BD1E82CBA475D0009CA9C /* View */ = {
			isa = PBXGroup;
			children = (
				516BD1E92CBA47680009CA9C /* BRBookStoreView.swift */,
				516BD1F62CBA66CB0009CA9C /* BRProfilePictureView.swift */,
				516BD1F82CBA7BC50009CA9C /* BRBookCollectionView.swift */,
				516BD1FA2CBA7EF50009CA9C /* BRBookThumbnailView.swift */,
				516BD2092CBACB9D0009CA9C /* BRFeaturedBookView.swift */,
			);
			path = View;
			sourceTree = "<group>";
		};
		516BD1EB2CBA48670009CA9C /* Library */ = {
			isa = PBXGroup;
			children = (
				516BD1EC2CBA48700009CA9C /* View */,
			);
			path = Library;
			sourceTree = "<group>";
		};
		516BD1EC2CBA48700009CA9C /* View */ = {
			isa = PBXGroup;
			children = (
				516BD1ED2CBA487A0009CA9C /* BRLibraryView.swift */,
			);
			path = View;
			sourceTree = "<group>";
		};
		516BD1EF2CBA49B80009CA9C /* Settings */ = {
			isa = PBXGroup;
			children = (
				516BD1F22CBA49CE0009CA9C /* View */,
			);
			path = Settings;
			sourceTree = "<group>";
		};
		516BD1F22CBA49CE0009CA9C /* View */ = {
			isa = PBXGroup;
			children = (
				516BD1F02CBA49CA0009CA9C /* BRSettingsView.swift */,
			);
			path = View;
			sourceTree = "<group>";
		};
		516BD1F32CBA4D190009CA9C /* Utils */ = {
			isa = PBXGroup;
			children = (
				516BD1F42CBA4D260009CA9C /* BRExtensions.swift */,
				516A0CB42CBBE1E50026954E /* BRError.swift */,
			);
			path = Utils;
			sourceTree = "<group>";
		};
		516BD1FE2CBA9A6C0009CA9C /* Firebase */ = {
			isa = PBXGroup;
			children = (
				516BD1FF2CBA9A770009CA9C /* Controller */,
			);
			path = Firebase;
			sourceTree = "<group>";
		};
		516BD1FF2CBA9A770009CA9C /* Controller */ = {
			isa = PBXGroup;
			children = (
				516BD2002CBA9A850009CA9C /* BRFIRDatabaseManager.swift */,
			);
			path = Controller;
			sourceTree = "<group>";
		};
		516BD20C2CBAD9E80009CA9C /* Authentication */ = {
			isa = PBXGroup;
			children = (
				516A0CAC2CBBAED40026954E /* Model */,
				516A0CAB2CBBAECB0026954E /* ViewModel */,
				516A0CAA2CBBAEC50026954E /* View */,
			);
			path = Authentication;
			sourceTree = "<group>";
		};
/* End PBXGroup section */

/* Begin PBXNativeTarget section */
		5114B1A02CB8F774005655A9 /* bookreader */ = {
			isa = PBXNativeTarget;
			buildConfigurationList = 5114B1B42CB8F776005655A9 /* Build configuration list for PBXNativeTarget "bookreader" */;
			buildPhases = (
				5114B19D2CB8F774005655A9 /* Sources */,
				5114B19E2CB8F774005655A9 /* Frameworks */,
				5114B19F2CB8F774005655A9 /* Resources */,
			);
			buildRules = (
			);
			dependencies = (
			);
			name = bookreader;
			packageProductDependencies = (
				5114B1B82CB8FA7C005655A9 /* FirebaseAnalytics */,
				5114B1BA2CB8FA7C005655A9 /* FirebaseCore */,
				5114B1BC2CB8FA7C005655A9 /* FirebaseDatabase */,
				5114B1BE2CB8FA7C005655A9 /* FirebaseRemoteConfig */,
				5114B1C02CB8FA7C005655A9 /* FirebaseStorage */,
				516BD2032CBAC4E30009CA9C /* GoogleSignIn */,
				516BD2052CBAC4E30009CA9C /* GoogleSignInSwift */,
				516BD20F2CBADB350009CA9C /* FirebaseAuth */,
			);
			productName = bookreader;
			productReference = 5114B1A12CB8F774005655A9 /* bookreader.app */;
			productType = "com.apple.product-type.application";
		};
/* End PBXNativeTarget section */

/* Begin PBXProject section */
		5114B1992CB8F774005655A9 /* Project object */ = {
			isa = PBXProject;
			attributes = {
				BuildIndependentTargetsInParallel = 1;
				LastSwiftUpdateCheck = 1530;
				LastUpgradeCheck = 1530;
				TargetAttributes = {
					5114B1A02CB8F774005655A9 = {
						CreatedOnToolsVersion = 15.3;
					};
				};
			};
			buildConfigurationList = 5114B19C2CB8F774005655A9 /* Build configuration list for PBXProject "bookreader" */;
			compatibilityVersion = "Xcode 14.0";
			developmentRegion = en;
			hasScannedForEncodings = 0;
			knownRegions = (
				en,
				Base,
			);
			mainGroup = 5114B1982CB8F774005655A9;
			packageReferences = (
				5114B1B72CB8FA7C005655A9 /* XCRemoteSwiftPackageReference "firebase-ios-sdk" */,
				516BD2022CBAC4E30009CA9C /* XCRemoteSwiftPackageReference "GoogleSignIn-iOS" */,
			);
			productRefGroup = 5114B1A22CB8F774005655A9 /* Products */;
			projectDirPath = "";
			projectRoot = "";
			targets = (
				5114B1A02CB8F774005655A9 /* bookreader */,
			);
		};
/* End PBXProject section */

/* Begin PBXResourcesBuildPhase section */
		5114B19F2CB8F774005655A9 /* Resources */ = {
			isa = PBXResourcesBuildPhase;
			buildActionMask = 2147483647;
			files = (
				516BD2122CBAEB5E0009CA9C /* GoogleService-Info.plist in Resources */,
				5114B1AC2CB8F776005655A9 /* Preview Assets.xcassets in Resources */,
				5114B1A92CB8F776005655A9 /* Assets.xcassets in Resources */,
			);
			runOnlyForDeploymentPostprocessing = 0;
		};
/* End PBXResourcesBuildPhase section */

/* Begin PBXSourcesBuildPhase section */
		5114B19D2CB8F774005655A9 /* Sources */ = {
			isa = PBXSourcesBuildPhase;
			buildActionMask = 2147483647;
			files = (
				516BD1EE2CBA487A0009CA9C /* BRLibraryView.swift in Sources */,
				516BD1F72CBA66CB0009CA9C /* BRProfilePictureView.swift in Sources */,
				516A0CB82CBBEE300026954E /* BRUserDefaultManager.swift in Sources */,
				516A0CB52CBBE1E50026954E /* BRError.swift in Sources */,
				5114B1AE2CB8F776005655A9 /* Persistence.swift in Sources */,
				5114B1B12CB8F776005655A9 /* bookreader.xcdatamodeld in Sources */,
				513B74BA2CBD97D90054D978 /* BRBookStoreViewModel.swift in Sources */,
				516BD1F92CBA7BC50009CA9C /* BRBookCollectionView.swift in Sources */,
				516BD2012CBA9A850009CA9C /* BRFIRDatabaseManager.swift in Sources */,
				516BD20E2CBADA060009CA9C /* BRFIRAuthenticationViewModel.swift in Sources */,
				516BD1E62CBA453C0009CA9C /* BRNavigationView.swift in Sources */,
				516BD1F52CBA4D260009CA9C /* BRExtensions.swift in Sources */,
				5114B1A72CB8F774005655A9 /* ContentView.swift in Sources */,
				516BD20A2CBACB9D0009CA9C /* BRFeaturedBookView.swift in Sources */,
				516A0CAE2CBBAEFE0026954E /* BRUser.swift in Sources */,
				516BD1EA2CBA47680009CA9C /* BRBookStoreView.swift in Sources */,
				516A0CB12CBBB82B0026954E /* BRLocalStorageManager.swift in Sources */,
				5114B1A52CB8F774005655A9 /* bookreaderApp.swift in Sources */,
				516A0CB32CBBB83F0026954E /* BRNameSpaces.swift in Sources */,
				516BD1FD2CBA981B0009CA9C /* AppDelegate.swift in Sources */,
				516BD1FB2CBA7EF50009CA9C /* BRBookThumbnailView.swift in Sources */,
				513B74BC2CBD982B0054D978 /* BRBook.swift in Sources */,
				516BD1F12CBA49CA0009CA9C /* BRSettingsView.swift in Sources */,
			);
			runOnlyForDeploymentPostprocessing = 0;
		};
/* End PBXSourcesBuildPhase section */

/* Begin XCBuildConfiguration section */
		5114B1B22CB8F776005655A9 /* Debug */ = {
			isa = XCBuildConfiguration;
			buildSettings = {
				ALWAYS_SEARCH_USER_PATHS = NO;
				ASSETCATALOG_COMPILER_GENERATE_SWIFT_ASSET_SYMBOL_EXTENSIONS = YES;
				CLANG_ANALYZER_NONNULL = YES;
				CLANG_ANALYZER_NUMBER_OBJECT_CONVERSION = YES_AGGRESSIVE;
				CLANG_CXX_LANGUAGE_STANDARD = "gnu++20";
				CLANG_ENABLE_MODULES = YES;
				CLANG_ENABLE_OBJC_ARC = YES;
				CLANG_ENABLE_OBJC_WEAK = YES;
				CLANG_WARN_BLOCK_CAPTURE_AUTORELEASING = YES;
				CLANG_WARN_BOOL_CONVERSION = YES;
				CLANG_WARN_COMMA = YES;
				CLANG_WARN_CONSTANT_CONVERSION = YES;
				CLANG_WARN_DEPRECATED_OBJC_IMPLEMENTATIONS = YES;
				CLANG_WARN_DIRECT_OBJC_ISA_USAGE = YES_ERROR;
				CLANG_WARN_DOCUMENTATION_COMMENTS = YES;
				CLANG_WARN_EMPTY_BODY = YES;
				CLANG_WARN_ENUM_CONVERSION = YES;
				CLANG_WARN_INFINITE_RECURSION = YES;
				CLANG_WARN_INT_CONVERSION = YES;
				CLANG_WARN_NON_LITERAL_NULL_CONVERSION = YES;
				CLANG_WARN_OBJC_IMPLICIT_RETAIN_SELF = YES;
				CLANG_WARN_OBJC_LITERAL_CONVERSION = YES;
				CLANG_WARN_OBJC_ROOT_CLASS = YES_ERROR;
				CLANG_WARN_QUOTED_INCLUDE_IN_FRAMEWORK_HEADER = YES;
				CLANG_WARN_RANGE_LOOP_ANALYSIS = YES;
				CLANG_WARN_STRICT_PROTOTYPES = YES;
				CLANG_WARN_SUSPICIOUS_MOVE = YES;
				CLANG_WARN_UNGUARDED_AVAILABILITY = YES_AGGRESSIVE;
				CLANG_WARN_UNREACHABLE_CODE = YES;
				CLANG_WARN__DUPLICATE_METHOD_MATCH = YES;
				COPY_PHASE_STRIP = NO;
				DEBUG_INFORMATION_FORMAT = dwarf;
				ENABLE_STRICT_OBJC_MSGSEND = YES;
				ENABLE_TESTABILITY = YES;
				ENABLE_USER_SCRIPT_SANDBOXING = YES;
				GCC_C_LANGUAGE_STANDARD = gnu17;
				GCC_DYNAMIC_NO_PIC = NO;
				GCC_NO_COMMON_BLOCKS = YES;
				GCC_OPTIMIZATION_LEVEL = 0;
				GCC_PREPROCESSOR_DEFINITIONS = (
					"DEBUG=1",
					"$(inherited)",
				);
				GCC_WARN_64_TO_32_BIT_CONVERSION = YES;
				GCC_WARN_ABOUT_RETURN_TYPE = YES_ERROR;
				GCC_WARN_UNDECLARED_SELECTOR = YES;
				GCC_WARN_UNINITIALIZED_AUTOS = YES_AGGRESSIVE;
				GCC_WARN_UNUSED_FUNCTION = YES;
				GCC_WARN_UNUSED_VARIABLE = YES;
				IPHONEOS_DEPLOYMENT_TARGET = 16.1;
				LOCALIZATION_PREFERS_STRING_CATALOGS = YES;
				MTL_ENABLE_DEBUG_INFO = INCLUDE_SOURCE;
				MTL_FAST_MATH = YES;
				ONLY_ACTIVE_ARCH = YES;
				SDKROOT = iphoneos;
				SWIFT_ACTIVE_COMPILATION_CONDITIONS = "DEBUG $(inherited)";
				SWIFT_OPTIMIZATION_LEVEL = "-Onone";
			};
			name = Debug;
		};
		5114B1B32CB8F776005655A9 /* Release */ = {
			isa = XCBuildConfiguration;
			buildSettings = {
				ALWAYS_SEARCH_USER_PATHS = NO;
				ASSETCATALOG_COMPILER_GENERATE_SWIFT_ASSET_SYMBOL_EXTENSIONS = YES;
				CLANG_ANALYZER_NONNULL = YES;
				CLANG_ANALYZER_NUMBER_OBJECT_CONVERSION = YES_AGGRESSIVE;
				CLANG_CXX_LANGUAGE_STANDARD = "gnu++20";
				CLANG_ENABLE_MODULES = YES;
				CLANG_ENABLE_OBJC_ARC = YES;
				CLANG_ENABLE_OBJC_WEAK = YES;
				CLANG_WARN_BLOCK_CAPTURE_AUTORELEASING = YES;
				CLANG_WARN_BOOL_CONVERSION = YES;
				CLANG_WARN_COMMA = YES;
				CLANG_WARN_CONSTANT_CONVERSION = YES;
				CLANG_WARN_DEPRECATED_OBJC_IMPLEMENTATIONS = YES;
				CLANG_WARN_DIRECT_OBJC_ISA_USAGE = YES_ERROR;
				CLANG_WARN_DOCUMENTATION_COMMENTS = YES;
				CLANG_WARN_EMPTY_BODY = YES;
				CLANG_WARN_ENUM_CONVERSION = YES;
				CLANG_WARN_INFINITE_RECURSION = YES;
				CLANG_WARN_INT_CONVERSION = YES;
				CLANG_WARN_NON_LITERAL_NULL_CONVERSION = YES;
				CLANG_WARN_OBJC_IMPLICIT_RETAIN_SELF = YES;
				CLANG_WARN_OBJC_LITERAL_CONVERSION = YES;
				CLANG_WARN_OBJC_ROOT_CLASS = YES_ERROR;
				CLANG_WARN_QUOTED_INCLUDE_IN_FRAMEWORK_HEADER = YES;
				CLANG_WARN_RANGE_LOOP_ANALYSIS = YES;
				CLANG_WARN_STRICT_PROTOTYPES = YES;
				CLANG_WARN_SUSPICIOUS_MOVE = YES;
				CLANG_WARN_UNGUARDED_AVAILABILITY = YES_AGGRESSIVE;
				CLANG_WARN_UNREACHABLE_CODE = YES;
				CLANG_WARN__DUPLICATE_METHOD_MATCH = YES;
				COPY_PHASE_STRIP = NO;
				DEBUG_INFORMATION_FORMAT = "dwarf-with-dsym";
				ENABLE_NS_ASSERTIONS = NO;
				ENABLE_STRICT_OBJC_MSGSEND = YES;
				ENABLE_USER_SCRIPT_SANDBOXING = YES;
				GCC_C_LANGUAGE_STANDARD = gnu17;
				GCC_NO_COMMON_BLOCKS = YES;
				GCC_WARN_64_TO_32_BIT_CONVERSION = YES;
				GCC_WARN_ABOUT_RETURN_TYPE = YES_ERROR;
				GCC_WARN_UNDECLARED_SELECTOR = YES;
				GCC_WARN_UNINITIALIZED_AUTOS = YES_AGGRESSIVE;
				GCC_WARN_UNUSED_FUNCTION = YES;
				GCC_WARN_UNUSED_VARIABLE = YES;
				IPHONEOS_DEPLOYMENT_TARGET = 16.1;
				LOCALIZATION_PREFERS_STRING_CATALOGS = YES;
				MTL_ENABLE_DEBUG_INFO = NO;
				MTL_FAST_MATH = YES;
				SDKROOT = iphoneos;
				SWIFT_COMPILATION_MODE = wholemodule;
				VALIDATE_PRODUCT = YES;
			};
			name = Release;
		};
		5114B1B52CB8F776005655A9 /* Debug */ = {
			isa = XCBuildConfiguration;
			buildSettings = {
				ASSETCATALOG_COMPILER_APPICON_NAME = AppIcon;
				ASSETCATALOG_COMPILER_GLOBAL_ACCENT_COLOR_NAME = AccentColor;
				CODE_SIGN_STYLE = Automatic;
				CURRENT_PROJECT_VERSION = 1;
				DEVELOPMENT_ASSET_PATHS = "\"bookreader/Preview Content\"";
				DEVELOPMENT_TEAM = MKK9FRT2U3;
				ENABLE_PREVIEWS = YES;
				GENERATE_INFOPLIST_FILE = YES;
				INFOPLIST_FILE = bookreader/Info.plist;
				INFOPLIST_KEY_UIApplicationSceneManifest_Generation = YES;
				INFOPLIST_KEY_UIApplicationSupportsIndirectInputEvents = YES;
				INFOPLIST_KEY_UILaunchScreen_Generation = YES;
				INFOPLIST_KEY_UISupportedInterfaceOrientations_iPad = "UIInterfaceOrientationPortrait UIInterfaceOrientationPortraitUpsideDown UIInterfaceOrientationLandscapeLeft UIInterfaceOrientationLandscapeRight";
				INFOPLIST_KEY_UISupportedInterfaceOrientations_iPhone = "UIInterfaceOrientationPortrait UIInterfaceOrientationLandscapeLeft UIInterfaceOrientationLandscapeRight";
				IPHONEOS_DEPLOYMENT_TARGET = 16.1;
				LD_RUNPATH_SEARCH_PATHS = (
					"$(inherited)",
					"@executable_path/Frameworks",
				);
				MARKETING_VERSION = 1.0;
				PRODUCT_BUNDLE_IDENTIFIER = com.nilupulsandeepa.test.bookreader;
				PRODUCT_NAME = "$(TARGET_NAME)";
				SWIFT_EMIT_LOC_STRINGS = YES;
				SWIFT_VERSION = 5.0;
				TARGETED_DEVICE_FAMILY = "1,2";
			};
			name = Debug;
		};
		5114B1B62CB8F776005655A9 /* Release */ = {
			isa = XCBuildConfiguration;
			buildSettings = {
				ASSETCATALOG_COMPILER_APPICON_NAME = AppIcon;
				ASSETCATALOG_COMPILER_GLOBAL_ACCENT_COLOR_NAME = AccentColor;
				CODE_SIGN_STYLE = Automatic;
				CURRENT_PROJECT_VERSION = 1;
				DEVELOPMENT_ASSET_PATHS = "\"bookreader/Preview Content\"";
				DEVELOPMENT_TEAM = MKK9FRT2U3;
				ENABLE_PREVIEWS = YES;
				GENERATE_INFOPLIST_FILE = YES;
				INFOPLIST_FILE = bookreader/Info.plist;
				INFOPLIST_KEY_UIApplicationSceneManifest_Generation = YES;
				INFOPLIST_KEY_UIApplicationSupportsIndirectInputEvents = YES;
				INFOPLIST_KEY_UILaunchScreen_Generation = YES;
				INFOPLIST_KEY_UISupportedInterfaceOrientations_iPad = "UIInterfaceOrientationPortrait UIInterfaceOrientationPortraitUpsideDown UIInterfaceOrientationLandscapeLeft UIInterfaceOrientationLandscapeRight";
				INFOPLIST_KEY_UISupportedInterfaceOrientations_iPhone = "UIInterfaceOrientationPortrait UIInterfaceOrientationLandscapeLeft UIInterfaceOrientationLandscapeRight";
				IPHONEOS_DEPLOYMENT_TARGET = 16.1;
				LD_RUNPATH_SEARCH_PATHS = (
					"$(inherited)",
					"@executable_path/Frameworks",
				);
				MARKETING_VERSION = 1.0;
				PRODUCT_BUNDLE_IDENTIFIER = com.nilupulsandeepa.test.bookreader;
				PRODUCT_NAME = "$(TARGET_NAME)";
				SWIFT_EMIT_LOC_STRINGS = YES;
				SWIFT_VERSION = 5.0;
				TARGETED_DEVICE_FAMILY = "1,2";
			};
			name = Release;
		};
/* End XCBuildConfiguration section */

/* Begin XCConfigurationList section */
		5114B19C2CB8F774005655A9 /* Build configuration list for PBXProject "bookreader" */ = {
			isa = XCConfigurationList;
			buildConfigurations = (
				5114B1B22CB8F776005655A9 /* Debug */,
				5114B1B32CB8F776005655A9 /* Release */,
			);
			defaultConfigurationIsVisible = 0;
			defaultConfigurationName = Release;
		};
		5114B1B42CB8F776005655A9 /* Build configuration list for PBXNativeTarget "bookreader" */ = {
			isa = XCConfigurationList;
			buildConfigurations = (
				5114B1B52CB8F776005655A9 /* Debug */,
				5114B1B62CB8F776005655A9 /* Release */,
			);
			defaultConfigurationIsVisible = 0;
			defaultConfigurationName = Release;
		};
/* End XCConfigurationList section */

/* Begin XCRemoteSwiftPackageReference section */
		5114B1B72CB8FA7C005655A9 /* XCRemoteSwiftPackageReference "firebase-ios-sdk" */ = {
			isa = XCRemoteSwiftPackageReference;
			repositoryURL = "https://github.com/firebase/firebase-ios-sdk";
			requirement = {
				kind = upToNextMajorVersion;
				minimumVersion = 11.3.0;
			};
		};
		516BD2022CBAC4E30009CA9C /* XCRemoteSwiftPackageReference "GoogleSignIn-iOS" */ = {
			isa = XCRemoteSwiftPackageReference;
			repositoryURL = "https://github.com/google/GoogleSignIn-iOS";
			requirement = {
				kind = upToNextMajorVersion;
				minimumVersion = 8.0.0;
			};
		};
/* End XCRemoteSwiftPackageReference section */

/* Begin XCSwiftPackageProductDependency section */
		5114B1B82CB8FA7C005655A9 /* FirebaseAnalytics */ = {
			isa = XCSwiftPackageProductDependency;
			package = 5114B1B72CB8FA7C005655A9 /* XCRemoteSwiftPackageReference "firebase-ios-sdk" */;
			productName = FirebaseAnalytics;
		};
		5114B1BA2CB8FA7C005655A9 /* FirebaseCore */ = {
			isa = XCSwiftPackageProductDependency;
			package = 5114B1B72CB8FA7C005655A9 /* XCRemoteSwiftPackageReference "firebase-ios-sdk" */;
			productName = FirebaseCore;
		};
		5114B1BC2CB8FA7C005655A9 /* FirebaseDatabase */ = {
			isa = XCSwiftPackageProductDependency;
			package = 5114B1B72CB8FA7C005655A9 /* XCRemoteSwiftPackageReference "firebase-ios-sdk" */;
			productName = FirebaseDatabase;
		};
		5114B1BE2CB8FA7C005655A9 /* FirebaseRemoteConfig */ = {
			isa = XCSwiftPackageProductDependency;
			package = 5114B1B72CB8FA7C005655A9 /* XCRemoteSwiftPackageReference "firebase-ios-sdk" */;
			productName = FirebaseRemoteConfig;
		};
		5114B1C02CB8FA7C005655A9 /* FirebaseStorage */ = {
			isa = XCSwiftPackageProductDependency;
			package = 5114B1B72CB8FA7C005655A9 /* XCRemoteSwiftPackageReference "firebase-ios-sdk" */;
			productName = FirebaseStorage;
		};
		516BD2032CBAC4E30009CA9C /* GoogleSignIn */ = {
			isa = XCSwiftPackageProductDependency;
			package = 516BD2022CBAC4E30009CA9C /* XCRemoteSwiftPackageReference "GoogleSignIn-iOS" */;
			productName = GoogleSignIn;
		};
		516BD2052CBAC4E30009CA9C /* GoogleSignInSwift */ = {
			isa = XCSwiftPackageProductDependency;
			package = 516BD2022CBAC4E30009CA9C /* XCRemoteSwiftPackageReference "GoogleSignIn-iOS" */;
			productName = GoogleSignInSwift;
		};
		516BD20F2CBADB350009CA9C /* FirebaseAuth */ = {
			isa = XCSwiftPackageProductDependency;
			package = 5114B1B72CB8FA7C005655A9 /* XCRemoteSwiftPackageReference "firebase-ios-sdk" */;
			productName = FirebaseAuth;
		};
/* End XCSwiftPackageProductDependency section */

/* Begin XCVersionGroup section */
		5114B1AF2CB8F776005655A9 /* bookreader.xcdatamodeld */ = {
			isa = XCVersionGroup;
			children = (
				5114B1B02CB8F776005655A9 /* bookreader.xcdatamodel */,
			);
			currentVersion = 5114B1B02CB8F776005655A9 /* bookreader.xcdatamodel */;
			path = bookreader.xcdatamodeld;
			sourceTree = "<group>";
			versionGroupType = wrapper.xcdatamodel;
		};
/* End XCVersionGroup section */
	};
	rootObject = 5114B1992CB8F774005655A9 /* Project object */;
}
